// !$*UTF8*$!
{
	archiveVersion = 1;
	classes = {
	};
	objectVersion = 46;
	objects = {

/* Begin PBXBuildFile section */
		243084AD16F609750050CDFF /* FriendsListViewController.m in Sources */ = {isa = PBXBuildFile; fileRef = 243084AB16F609750050CDFF /* FriendsListViewController.m */; };
		243084AE16F609750050CDFF /* FriendsListViewController.xib in Resources */ = {isa = PBXBuildFile; fileRef = 243084AC16F609750050CDFF /* FriendsListViewController.xib */; };
		243084B616F60B200050CDFF /* Circle_Blue32.png in Resources */ = {isa = PBXBuildFile; fileRef = 243084B116F60B200050CDFF /* Circle_Blue32.png */; };
		243084B716F60B200050CDFF /* Circle_Grey32.png in Resources */ = {isa = PBXBuildFile; fileRef = 243084B216F60B200050CDFF /* Circle_Grey32.png */; };
		243084B816F60B200050CDFF /* friend.png in Resources */ = {isa = PBXBuildFile; fileRef = 243084B316F60B200050CDFF /* friend.png */; };
		243084B916F60B200050CDFF /* select_32.png in Resources */ = {isa = PBXBuildFile; fileRef = 243084B416F60B200050CDFF /* select_32.png */; };
		243084BA16F60B200050CDFF /* unselect_32.png in Resources */ = {isa = PBXBuildFile; fileRef = 243084B516F60B200050CDFF /* unselect_32.png */; };
		24B2137616F1EB2200E20893 /* CopyHeadersToLegacyBuildDir.command in Resources */ = {isa = PBXBuildFile; fileRef = 24B2136B16F1EB2200E20893 /* CopyHeadersToLegacyBuildDir.command */; };
		24B2138016F1EB9200E20893 /* libAURosetteViewLib.a in Frameworks */ = {isa = PBXBuildFile; fileRef = 24B2137C16F1EB2200E20893 /* libAURosetteViewLib.a */; };
		24B2139D16F2040200E20893 /* BHAlbum.m in Sources */ = {isa = PBXBuildFile; fileRef = 24B2139216F2040200E20893 /* BHAlbum.m */; };
		24B2139E16F2040200E20893 /* BHAlbumPhotoCell.m in Sources */ = {isa = PBXBuildFile; fileRef = 24B2139416F2040200E20893 /* BHAlbumPhotoCell.m */; };
		24B2139F16F2040200E20893 /* BHAlbumTitleReusableView.m in Sources */ = {isa = PBXBuildFile; fileRef = 24B2139616F2040200E20893 /* BHAlbumTitleReusableView.m */; };
		24B213A016F2040200E20893 /* BHEmblemView.m in Sources */ = {isa = PBXBuildFile; fileRef = 24B2139816F2040200E20893 /* BHEmblemView.m */; };
		24B213A116F2040200E20893 /* BHPhoto.m in Sources */ = {isa = PBXBuildFile; fileRef = 24B2139A16F2040200E20893 /* BHPhoto.m */; };
		24B213A216F2040200E20893 /* BHPhotoAlbumLayout.m in Sources */ = {isa = PBXBuildFile; fileRef = 24B2139C16F2040200E20893 /* BHPhotoAlbumLayout.m */; };
		24B213BE16F214A000E20893 /* BHCollectionViewController.m in Sources */ = {isa = PBXBuildFile; fileRef = 24B213BA16F2130200E20893 /* BHCollectionViewController.m */; };
		24B213C016F2191E00E20893 /* BHCollectionViewController.xib in Resources */ = {isa = PBXBuildFile; fileRef = 24B213BB16F2130200E20893 /* BHCollectionViewController.xib */; };
		9E1CA1F016F54E4F001A7DA1 /* FacebookSDK.framework in Frameworks */ = {isa = PBXBuildFile; fileRef = 9E1CA1EF16F54E4F001A7DA1 /* FacebookSDK.framework */; };
		9E1CA1F316F54E8D001A7DA1 /* FacebookSDKResources.bundle in Resources */ = {isa = PBXBuildFile; fileRef = 9E1CA1F216F54E8D001A7DA1 /* FacebookSDKResources.bundle */; };
		9E1CA1F516F54EA5001A7DA1 /* FBUserSettingsViewResources.bundle in Resources */ = {isa = PBXBuildFile; fileRef = 9E1CA1F416F54EA5001A7DA1 /* FBUserSettingsViewResources.bundle */; };
		9E1CA1F716F54EE6001A7DA1 /* AdSupport.framework in Frameworks */ = {isa = PBXBuildFile; fileRef = 9E1CA1F616F54EE6001A7DA1 /* AdSupport.framework */; };
		9E1CA25816F61D34001A7DA1 /* CoreLocation.framework in Frameworks */ = {isa = PBXBuildFile; fileRef = 9E1CA25716F61D34001A7DA1 /* CoreLocation.framework */; };
		9E1CA25B16F61D3C001A7DA1 /* MessageUI.framework in Frameworks */ = {isa = PBXBuildFile; fileRef = 9E1CA25A16F61D3C001A7DA1 /* MessageUI.framework */; };
		9E4315BA16EDFEEF0040359E /* libAubadaLibrary.a in Frameworks */ = {isa = PBXBuildFile; fileRef = 9E4315B716EDFEE30040359E /* libAubadaLibrary.a */; };
		9E78A7B716E34BA2000CA790 /* UIKit.framework in Frameworks */ = {isa = PBXBuildFile; fileRef = 9E78A7B616E34BA2000CA790 /* UIKit.framework */; };
		9E78A7B916E34BA2000CA790 /* Foundation.framework in Frameworks */ = {isa = PBXBuildFile; fileRef = 9E78A7B816E34BA2000CA790 /* Foundation.framework */; };
		9E78A7BB16E34BA2000CA790 /* CoreGraphics.framework in Frameworks */ = {isa = PBXBuildFile; fileRef = 9E78A7BA16E34BA2000CA790 /* CoreGraphics.framework */; };
		9E78A7C116E34BA3000CA790 /* InfoPlist.strings in Resources */ = {isa = PBXBuildFile; fileRef = 9E78A7BF16E34BA3000CA790 /* InfoPlist.strings */; };
		9E78A7C316E34BA3000CA790 /* main.m in Sources */ = {isa = PBXBuildFile; fileRef = 9E78A7C216E34BA3000CA790 /* main.m */; };
		9E78A7C716E34BA3000CA790 /* AppDelegate.m in Sources */ = {isa = PBXBuildFile; fileRef = 9E78A7C616E34BA3000CA790 /* AppDelegate.m */; };
		9E78A7C916E34BA3000CA790 /* Default.png in Resources */ = {isa = PBXBuildFile; fileRef = 9E78A7C816E34BA3000CA790 /* Default.png */; };
		9E78A7CB16E34BA3000CA790 /* Default@2x.png in Resources */ = {isa = PBXBuildFile; fileRef = 9E78A7CA16E34BA3000CA790 /* Default@2x.png */; };
		9E78A7CD16E34BA3000CA790 /* Default-568h@2x.png in Resources */ = {isa = PBXBuildFile; fileRef = 9E78A7CC16E34BA3000CA790 /* Default-568h@2x.png */; };
		9E78A7FC16E35556000CA790 /* ChooseActionViewController.m in Sources */ = {isa = PBXBuildFile; fileRef = 9E78A7F316E35556000CA790 /* ChooseActionViewController.m */; };
		9E78A7FD16E35556000CA790 /* ChooseActionViewController.xib in Resources */ = {isa = PBXBuildFile; fileRef = 9E78A7F416E35556000CA790 /* ChooseActionViewController.xib */; };
		9E78A7FE16E35556000CA790 /* ChooseLocationViewController.m in Sources */ = {isa = PBXBuildFile; fileRef = 9E78A7F616E35556000CA790 /* ChooseLocationViewController.m */; };
		9E78A7FF16E35556000CA790 /* ChooseLocationViewController.xib in Resources */ = {isa = PBXBuildFile; fileRef = 9E78A7F716E35556000CA790 /* ChooseLocationViewController.xib */; };
		9E78A80016E35556000CA790 /* SignInViewController.m in Sources */ = {isa = PBXBuildFile; fileRef = 9E78A7FA16E35556000CA790 /* SignInViewController.m */; };
		9E78A80116E35556000CA790 /* SignInViewController.xib in Resources */ = {isa = PBXBuildFile; fileRef = 9E78A7FB16E35556000CA790 /* SignInViewController.xib */; };
		9E78A80516E35573000CA790 /* SignUpViewController.m in Sources */ = {isa = PBXBuildFile; fileRef = 9E78A80316E35573000CA790 /* SignUpViewController.m */; };
		9E78A80616E35573000CA790 /* SignUpViewController.xib in Resources */ = {isa = PBXBuildFile; fileRef = 9E78A80416E35573000CA790 /* SignUpViewController.xib */; };
		9E78A80F16E356A0000CA790 /* AddNewCarAdViewController.m in Sources */ = {isa = PBXBuildFile; fileRef = 9E78A80D16E356A0000CA790 /* AddNewCarAdViewController.m */; };
		9E78A81016E356A0000CA790 /* AddNewCarAdViewController.xib in Resources */ = {isa = PBXBuildFile; fileRef = 9E78A80E16E356A0000CA790 /* AddNewCarAdViewController.xib */; };
		9E78A81E16E357F4000CA790 /* BrowseCarAdsViewController.m in Sources */ = {isa = PBXBuildFile; fileRef = 9E78A81C16E357F4000CA790 /* BrowseCarAdsViewController.m */; };
		9E78A81F16E357F4000CA790 /* BrowseCarAdsViewController.xib in Resources */ = {isa = PBXBuildFile; fileRef = 9E78A81D16E357F4000CA790 /* BrowseCarAdsViewController.xib */; };
		9E78A82316E35838000CA790 /* CarAdDetailsViewController.m in Sources */ = {isa = PBXBuildFile; fileRef = 9E78A82116E35838000CA790 /* CarAdDetailsViewController.m */; };
		9E78A82416E35838000CA790 /* CarAdDetailsViewController.xib in Resources */ = {isa = PBXBuildFile; fileRef = 9E78A82216E35838000CA790 /* CarAdDetailsViewController.xib */; };
		9E78A82816E35ABD000CA790 /* EditProfileViewController.m in Sources */ = {isa = PBXBuildFile; fileRef = 9E78A82616E35ABD000CA790 /* EditProfileViewController.m */; };
		9E78A82916E35ABD000CA790 /* EditProfileViewController.xib in Resources */ = {isa = PBXBuildFile; fileRef = 9E78A82716E35ABD000CA790 /* EditProfileViewController.xib */; };
		9E78A82D16E35D08000CA790 /* ChoosePaymentViewController.m in Sources */ = {isa = PBXBuildFile; fileRef = 9E78A82B16E35D07000CA790 /* ChoosePaymentViewController.m */; };
		9E78A82E16E35D08000CA790 /* ChoosePaymentViewController.xib in Resources */ = {isa = PBXBuildFile; fileRef = 9E78A82C16E35D08000CA790 /* ChoosePaymentViewController.xib */; };
		9E78A83C16E35EF6000CA790 /* PublishViewController.m in Sources */ = {isa = PBXBuildFile; fileRef = 9E78A83A16E35EF6000CA790 /* PublishViewController.m */; };
		9E78A83D16E35EF6000CA790 /* PublishViewController.xib in Resources */ = {isa = PBXBuildFile; fileRef = 9E78A83B16E35EF6000CA790 /* PublishViewController.xib */; };
		9E78A84616E363C8000CA790 /* CarAdManager.m in Sources */ = {isa = PBXBuildFile; fileRef = 9E78A84516E363C8000CA790 /* CarAdManager.m */; };
		9E78A84C16E363FC000CA790 /* CarAd.m in Sources */ = {isa = PBXBuildFile; fileRef = 9E78A84B16E363FC000CA790 /* CarAd.m */; };
		9E78A84F16E36425000CA790 /* StoreManager.m in Sources */ = {isa = PBXBuildFile; fileRef = 9E78A84E16E36425000CA790 /* StoreManager.m */; };
		9E78A85216E3643B000CA790 /* Store.m in Sources */ = {isa = PBXBuildFile; fileRef = 9E78A85116E3643B000CA790 /* Store.m */; };
		9E78A86816E49A52000CA790 /* BaseDataObject.m in Sources */ = {isa = PBXBuildFile; fileRef = 9E78A85916E49A52000CA790 /* BaseDataObject.m */; settings = {COMPILER_FLAGS = "-fno-objc-arc"; }; };
		9E78A86916E49A52000CA790 /* BaseItemObject.m in Sources */ = {isa = PBXBuildFile; fileRef = 9E78A85B16E49A52000CA790 /* BaseItemObject.m */; settings = {COMPILER_FLAGS = "-fno-objc-arc"; }; };
		9E78A86A16E49A52000CA790 /* Configuration.m in Sources */ = {isa = PBXBuildFile; fileRef = 9E78A85D16E49A52000CA790 /* Configuration.m */; settings = {COMPILER_FLAGS = "-fno-objc-arc"; }; };
		9E78A86C16E49A52000CA790 /* DropDownList.m in Sources */ = {isa = PBXBuildFile; fileRef = 9E78A86116E49A52000CA790 /* DropDownList.m */; settings = {COMPILER_FLAGS = "-fno-objc-arc"; }; };
		9E78A86E16E49A52000CA790 /* TransparentOverlay+Private.m in Sources */ = {isa = PBXBuildFile; fileRef = 9E78A86516E49A52000CA790 /* TransparentOverlay+Private.m */; settings = {COMPILER_FLAGS = "-fno-objc-arc"; }; };
		9E78A86F16E49A52000CA790 /* TransparentOverlay.m in Sources */ = {isa = PBXBuildFile; fileRef = 9E78A86716E49A52000CA790 /* TransparentOverlay.m */; settings = {COMPILER_FLAGS = "-fno-objc-arc"; }; };
		9E78A87316E4A1E0000CA790 /* GenericMethods.m in Sources */ = {isa = PBXBuildFile; fileRef = 9E78A87216E4A1E0000CA790 /* GenericMethods.m */; };
		9E9F08D116E4DC3A000E8471 /* but-bg-active.png in Resources */ = {isa = PBXBuildFile; fileRef = 9E9F08CA16E4DC3A000E8471 /* but-bg-active.png */; };
		9E9F08D216E4DC3A000E8471 /* but-bg-no-active.png in Resources */ = {isa = PBXBuildFile; fileRef = 9E9F08CB16E4DC3A000E8471 /* but-bg-no-active.png */; };
		9E9F08D316E4DC3A000E8471 /* dropdown-item-bg-hover.png in Resources */ = {isa = PBXBuildFile; fileRef = 9E9F08CC16E4DC3A000E8471 /* dropdown-item-bg-hover.png */; };
		9E9F08D416E4DC3A000E8471 /* dropdown-item-bg.png in Resources */ = {isa = PBXBuildFile; fileRef = 9E9F08CD16E4DC3A000E8471 /* dropdown-item-bg.png */; };
		9E9F08D516E4DC3A000E8471 /* open-dropdown-bg-bottom.png in Resources */ = {isa = PBXBuildFile; fileRef = 9E9F08CE16E4DC3A000E8471 /* open-dropdown-bg-bottom.png */; };
		9E9F08D616E4DC3A000E8471 /* open-dropdown-bg-inner.png in Resources */ = {isa = PBXBuildFile; fileRef = 9E9F08CF16E4DC3A000E8471 /* open-dropdown-bg-inner.png */; };
		9E9F08D716E4DC3A000E8471 /* open-dropdown-bg-top.png in Resources */ = {isa = PBXBuildFile; fileRef = 9E9F08D016E4DC3A000E8471 /* open-dropdown-bg-top.png */; };
		9E9F090A16E553D4000E8471 /* ModelCell.m in Sources */ = {isa = PBXBuildFile; fileRef = 9E9F090916E553D2000E8471 /* ModelCell.m */; };
		9E9F090E16E55695000E8471 /* QuartzCore.framework in Frameworks */ = {isa = PBXBuildFile; fileRef = 9E9F090D16E55695000E8471 /* QuartzCore.framework */; };
		9E9F09E716E63669000E8471 /* MJDetailViewController.m in Sources */ = {isa = PBXBuildFile; fileRef = 9E9F09D916E63669000E8471 /* MJDetailViewController.m */; };
		9E9F09E816E63669000E8471 /* MJDetailViewController.xib in Resources */ = {isa = PBXBuildFile; fileRef = 9E9F09DA16E63669000E8471 /* MJDetailViewController.xib */; };
		9E9F09E916E63669000E8471 /* MJSecondDetailViewController.m in Sources */ = {isa = PBXBuildFile; fileRef = 9E9F09DD16E63669000E8471 /* MJSecondDetailViewController.m */; };
		9E9F09EA16E63669000E8471 /* MJSecondDetailViewController.xib in Resources */ = {isa = PBXBuildFile; fileRef = 9E9F09DE16E63669000E8471 /* MJSecondDetailViewController.xib */; };
		9E9F09EB16E63669000E8471 /* MJPopupBackgroundView.m in Sources */ = {isa = PBXBuildFile; fileRef = 9E9F09E116E63669000E8471 /* MJPopupBackgroundView.m */; };
		9E9F09EC16E63669000E8471 /* UIViewController+MJPopupViewController.m in Sources */ = {isa = PBXBuildFile; fileRef = 9E9F09E316E63669000E8471 /* UIViewController+MJPopupViewController.m */; };
		9E9F09ED16E63669000E8471 /* RFQuiltLayout.m in Sources */ = {isa = PBXBuildFile; fileRef = 9E9F09E616E63669000E8471 /* RFQuiltLayout.m */; };
		9E9F09F016E636BA000E8471 /* ModelBrandCell.m in Sources */ = {isa = PBXBuildFile; fileRef = 9E9F09EF16E636B9000E8471 /* ModelBrandCell.m */; };
		9E9F09F216E63DFC000E8471 /* favourite.png in Resources */ = {isa = PBXBuildFile; fileRef = 9E9F09F116E63DFC000E8471 /* favourite.png */; };
		9E9F09F516E63E22000E8471 /* CarAdCell.m in Sources */ = {isa = PBXBuildFile; fileRef = 9E9F09F416E63E22000E8471 /* CarAdCell.m */; };
		9E9F09F716E63E39000E8471 /* CarAdCell.xib in Resources */ = {isa = PBXBuildFile; fileRef = 9E9F09F616E63E38000E8471 /* CarAdCell.xib */; };
		9E9F09F916E63EBB000E8471 /* sampleCar.png in Resources */ = {isa = PBXBuildFile; fileRef = 9E9F09F816E63EBB000E8471 /* sampleCar.png */; };
		9E9F0A1016E75E3B000E8471 /* CarModel.m in Sources */ = {isa = PBXBuildFile; fileRef = 9E9F0A0716E75E3B000E8471 /* CarModel.m */; };
		9E9F0A1116E75E3B000E8471 /* ModelBrand.m in Sources */ = {isa = PBXBuildFile; fileRef = 9E9F0A0916E75E3B000E8471 /* ModelBrand.m */; };
		9E9F0A1216E75E3B000E8471 /* ProfileManager.m in Sources */ = {isa = PBXBuildFile; fileRef = 9E9F0A0D16E75E3B000E8471 /* ProfileManager.m */; };
		9E9F0A1316E75E3B000E8471 /* UserProfile.m in Sources */ = {isa = PBXBuildFile; fileRef = 9E9F0A0F16E75E3B000E8471 /* UserProfile.m */; };
		9E9F0A1716E75E86000E8471 /* Toyota.png in Resources */ = {isa = PBXBuildFile; fileRef = 9E9F0A1516E75E86000E8471 /* Toyota.png */; };
		9E9F0A1A16E75EBB000E8471 /* CarModelLoader.m in Sources */ = {isa = PBXBuildFile; fileRef = 9E9F0A1916E75EBA000E8471 /* CarModelLoader.m */; };
		9E9F0A1C16E76B3F000E8471 /* CarModels.plist in Resources */ = {isa = PBXBuildFile; fileRef = 9E9F0A1B16E76B3F000E8471 /* CarModels.plist */; };
		9E9F0A2416E782A3000E8471 /* BMW.png in Resources */ = {isa = PBXBuildFile; fileRef = 9E9F0A2116E782A3000E8471 /* BMW.png */; };
		9E9F0A2516E782A3000E8471 /* Mazda.png in Resources */ = {isa = PBXBuildFile; fileRef = 9E9F0A2216E782A3000E8471 /* Mazda.png */; };
		9E9F0A2616E782A3000E8471 /* Nissan.png in Resources */ = {isa = PBXBuildFile; fileRef = 9E9F0A2316E782A3000E8471 /* Nissan.png */; };
		9E9F0A2916E78B31000E8471 /* Country.m in Sources */ = {isa = PBXBuildFile; fileRef = 9E9F0A2816E78B31000E8471 /* Country.m */; };
		9E9F0A2C16E78C5C000E8471 /* City.m in Sources */ = {isa = PBXBuildFile; fileRef = 9E9F0A2B16E78C5C000E8471 /* City.m */; };
		9E9F0A3116E7927F000E8471 /* CountryLoader.m in Sources */ = {isa = PBXBuildFile; fileRef = 9E9F0A3016E7927E000E8471 /* CountryLoader.m */; };
		9E9F0A3516E7CF16000E8471 /* Damascus.png in Resources */ = {isa = PBXBuildFile; fileRef = 9E9F0A3216E7CF16000E8471 /* Damascus.png */; };
		9E9F0A3616E7CF16000E8471 /* Locations.plist in Resources */ = {isa = PBXBuildFile; fileRef = 9E9F0A3316E7CF16000E8471 /* Locations.plist */; };
		9E9F0A3716E7CF16000E8471 /* Riyadh.png in Resources */ = {isa = PBXBuildFile; fileRef = 9E9F0A3416E7CF16000E8471 /* Riyadh.png */; };
		9E9F0A8816ECA939000E8471 /* TWAccountsViewController.m in Sources */ = {isa = PBXBuildFile; fileRef = 9E9F0A8316ECA939000E8471 /* TWAccountsViewController.m */; };
		9E9F0A8916ECA939000E8471 /* TWAccountsViewController.xib in Resources */ = {isa = PBXBuildFile; fileRef = 9E9F0A8416ECA939000E8471 /* TWAccountsViewController.xib */; };
		9E9F0A8A16ECA939000E8471 /* ViewController.m in Sources */ = {isa = PBXBuildFile; fileRef = 9E9F0A8616ECA939000E8471 /* ViewController.m */; };
		9E9F0A8B16ECA939000E8471 /* ViewController.xib in Resources */ = {isa = PBXBuildFile; fileRef = 9E9F0A8716ECA939000E8471 /* ViewController.xib */; };
		9EDF783616F1E57600FB3BDD /* Social.framework in Frameworks */ = {isa = PBXBuildFile; fileRef = 9E9F0A7516EC824E000E8471 /* Social.framework */; };
		9EDF783716F1E57B00FB3BDD /* Accounts.framework in Frameworks */ = {isa = PBXBuildFile; fileRef = 9E9F0A7316EC8248000E8471 /* Accounts.framework */; };
/* End PBXBuildFile section */

/* Begin PBXContainerItemProxy section */
		24B2137916F1EB2200E20893 /* PBXContainerItemProxy */ = {
			isa = PBXContainerItemProxy;
			containerPortal = 24B2136116F1EB2200E20893 /* AURosetteView.xcodeproj */;
			proxyType = 2;
			remoteGlobalIDString = 202955C215949B8500F1A26B;
			remoteInfo = AURosetteView;
		};
		24B2137B16F1EB2200E20893 /* PBXContainerItemProxy */ = {
			isa = PBXContainerItemProxy;
			containerPortal = 24B2136116F1EB2200E20893 /* AURosetteView.xcodeproj */;
			proxyType = 2;
			remoteGlobalIDString = 202956531594AB1400F1A26B;
			remoteInfo = AURosetteViewLib;
		};
		24B2137E16F1EB8900E20893 /* PBXContainerItemProxy */ = {
			isa = PBXContainerItemProxy;
			containerPortal = 24B2136116F1EB2200E20893 /* AURosetteView.xcodeproj */;
			proxyType = 1;
			remoteGlobalIDString = 202956521594AB1400F1A26B;
			remoteInfo = AURosetteViewLib;
		};
		9E4315B616EDFEE30040359E /* PBXContainerItemProxy */ = {
			isa = PBXContainerItemProxy;
			containerPortal = 9E4315B216EDFEE30040359E /* AubadaLibrary.xcodeproj */;
			proxyType = 2;
			remoteGlobalIDString = B6C66934164D58CD00FADEBC;
			remoteInfo = AubadaLibrary;
		};
		9E4315B816EDFEEC0040359E /* PBXContainerItemProxy */ = {
			isa = PBXContainerItemProxy;
			containerPortal = 9E4315B216EDFEE30040359E /* AubadaLibrary.xcodeproj */;
			proxyType = 1;
			remoteGlobalIDString = B6C66933164D58CD00FADEBC;
			remoteInfo = AubadaLibrary;
		};
/* End PBXContainerItemProxy section */

/* Begin PBXFileReference section */
		243084AA16F609750050CDFF /* FriendsListViewController.h */ = {isa = PBXFileReference; fileEncoding = 4; lastKnownFileType = sourcecode.c.h; path = FriendsListViewController.h; sourceTree = "<group>"; };
		243084AB16F609750050CDFF /* FriendsListViewController.m */ = {isa = PBXFileReference; fileEncoding = 4; lastKnownFileType = sourcecode.c.objc; path = FriendsListViewController.m; sourceTree = "<group>"; };
		243084AC16F609750050CDFF /* FriendsListViewController.xib */ = {isa = PBXFileReference; fileEncoding = 4; lastKnownFileType = file.xib; path = FriendsListViewController.xib; sourceTree = "<group>"; };
		243084B116F60B200050CDFF /* Circle_Blue32.png */ = {isa = PBXFileReference; lastKnownFileType = image.png; path = Circle_Blue32.png; sourceTree = "<group>"; };
		243084B216F60B200050CDFF /* Circle_Grey32.png */ = {isa = PBXFileReference; lastKnownFileType = image.png; path = Circle_Grey32.png; sourceTree = "<group>"; };
		243084B316F60B200050CDFF /* friend.png */ = {isa = PBXFileReference; lastKnownFileType = image.png; path = friend.png; sourceTree = "<group>"; };
		243084B416F60B200050CDFF /* select_32.png */ = {isa = PBXFileReference; lastKnownFileType = image.png; path = select_32.png; sourceTree = "<group>"; };
		243084B516F60B200050CDFF /* unselect_32.png */ = {isa = PBXFileReference; lastKnownFileType = image.png; path = unselect_32.png; sourceTree = "<group>"; };
		24B2136116F1EB2200E20893 /* AURosetteView.xcodeproj */ = {isa = PBXFileReference; lastKnownFileType = "wrapper.pb-project"; path = AURosetteView.xcodeproj; sourceTree = "<group>"; };
		24B2136B16F1EB2200E20893 /* CopyHeadersToLegacyBuildDir.command */ = {isa = PBXFileReference; fileEncoding = 4; lastKnownFileType = text.script.sh; path = CopyHeadersToLegacyBuildDir.command; sourceTree = "<group>"; };
		24B2139116F2040200E20893 /* BHAlbum.h */ = {isa = PBXFileReference; fileEncoding = 4; lastKnownFileType = sourcecode.c.h; path = BHAlbum.h; sourceTree = "<group>"; };
		24B2139216F2040200E20893 /* BHAlbum.m */ = {isa = PBXFileReference; fileEncoding = 4; lastKnownFileType = sourcecode.c.objc; path = BHAlbum.m; sourceTree = "<group>"; };
		24B2139316F2040200E20893 /* BHAlbumPhotoCell.h */ = {isa = PBXFileReference; fileEncoding = 4; lastKnownFileType = sourcecode.c.h; path = BHAlbumPhotoCell.h; sourceTree = "<group>"; };
		24B2139416F2040200E20893 /* BHAlbumPhotoCell.m */ = {isa = PBXFileReference; fileEncoding = 4; lastKnownFileType = sourcecode.c.objc; path = BHAlbumPhotoCell.m; sourceTree = "<group>"; };
		24B2139516F2040200E20893 /* BHAlbumTitleReusableView.h */ = {isa = PBXFileReference; fileEncoding = 4; lastKnownFileType = sourcecode.c.h; path = BHAlbumTitleReusableView.h; sourceTree = "<group>"; };
		24B2139616F2040200E20893 /* BHAlbumTitleReusableView.m */ = {isa = PBXFileReference; fileEncoding = 4; lastKnownFileType = sourcecode.c.objc; path = BHAlbumTitleReusableView.m; sourceTree = "<group>"; };
		24B2139716F2040200E20893 /* BHEmblemView.h */ = {isa = PBXFileReference; fileEncoding = 4; lastKnownFileType = sourcecode.c.h; path = BHEmblemView.h; sourceTree = "<group>"; };
		24B2139816F2040200E20893 /* BHEmblemView.m */ = {isa = PBXFileReference; fileEncoding = 4; lastKnownFileType = sourcecode.c.objc; path = BHEmblemView.m; sourceTree = "<group>"; };
		24B2139916F2040200E20893 /* BHPhoto.h */ = {isa = PBXFileReference; fileEncoding = 4; lastKnownFileType = sourcecode.c.h; path = BHPhoto.h; sourceTree = "<group>"; };
		24B2139A16F2040200E20893 /* BHPhoto.m */ = {isa = PBXFileReference; fileEncoding = 4; lastKnownFileType = sourcecode.c.objc; path = BHPhoto.m; sourceTree = "<group>"; };
		24B2139B16F2040200E20893 /* BHPhotoAlbumLayout.h */ = {isa = PBXFileReference; fileEncoding = 4; lastKnownFileType = sourcecode.c.h; path = BHPhotoAlbumLayout.h; sourceTree = "<group>"; };
		24B2139C16F2040200E20893 /* BHPhotoAlbumLayout.m */ = {isa = PBXFileReference; fileEncoding = 4; lastKnownFileType = sourcecode.c.objc; path = BHPhotoAlbumLayout.m; sourceTree = "<group>"; };
		24B213B916F2130200E20893 /* BHCollectionViewController.h */ = {isa = PBXFileReference; lastKnownFileType = sourcecode.c.h; path = BHCollectionViewController.h; sourceTree = "<group>"; };
		24B213BA16F2130200E20893 /* BHCollectionViewController.m */ = {isa = PBXFileReference; lastKnownFileType = sourcecode.c.objc; path = BHCollectionViewController.m; sourceTree = "<group>"; };
		24B213BB16F2130200E20893 /* BHCollectionViewController.xib */ = {isa = PBXFileReference; lastKnownFileType = file.xib; path = BHCollectionViewController.xib; sourceTree = "<group>"; };
		9E1CA1EF16F54E4F001A7DA1 /* FacebookSDK.framework */ = {isa = PBXFileReference; lastKnownFileType = wrapper.framework; path = FacebookSDK.framework; sourceTree = "<group>"; };
		9E1CA1F216F54E8D001A7DA1 /* FacebookSDKResources.bundle */ = {isa = PBXFileReference; lastKnownFileType = "wrapper.plug-in"; path = FacebookSDKResources.bundle; sourceTree = "<group>"; };
		9E1CA1F416F54EA5001A7DA1 /* FBUserSettingsViewResources.bundle */ = {isa = PBXFileReference; lastKnownFileType = "wrapper.plug-in"; path = FBUserSettingsViewResources.bundle; sourceTree = "<group>"; };
		9E1CA1F616F54EE6001A7DA1 /* AdSupport.framework */ = {isa = PBXFileReference; lastKnownFileType = wrapper.framework; name = AdSupport.framework; path = System/Library/Frameworks/AdSupport.framework; sourceTree = SDKROOT; };
		9E1CA25716F61D34001A7DA1 /* CoreLocation.framework */ = {isa = PBXFileReference; lastKnownFileType = wrapper.framework; name = CoreLocation.framework; path = System/Library/Frameworks/CoreLocation.framework; sourceTree = SDKROOT; };
		9E1CA25A16F61D3C001A7DA1 /* MessageUI.framework */ = {isa = PBXFileReference; lastKnownFileType = wrapper.framework; name = MessageUI.framework; path = System/Library/Frameworks/MessageUI.framework; sourceTree = SDKROOT; };
		9E4315B216EDFEE30040359E /* AubadaLibrary.xcodeproj */ = {isa = PBXFileReference; lastKnownFileType = "wrapper.pb-project"; name = AubadaLibrary.xcodeproj; path = ../Libraries/AubadaLibrary/AubadaLibrary.xcodeproj; sourceTree = "<group>"; };
		9E78A7B316E34BA2000CA790 /* Bezaat.app */ = {isa = PBXFileReference; explicitFileType = wrapper.application; includeInIndex = 0; path = Bezaat.app; sourceTree = BUILT_PRODUCTS_DIR; };
		9E78A7B616E34BA2000CA790 /* UIKit.framework */ = {isa = PBXFileReference; lastKnownFileType = wrapper.framework; name = UIKit.framework; path = System/Library/Frameworks/UIKit.framework; sourceTree = SDKROOT; };
		9E78A7B816E34BA2000CA790 /* Foundation.framework */ = {isa = PBXFileReference; lastKnownFileType = wrapper.framework; name = Foundation.framework; path = System/Library/Frameworks/Foundation.framework; sourceTree = SDKROOT; };
		9E78A7BA16E34BA2000CA790 /* CoreGraphics.framework */ = {isa = PBXFileReference; lastKnownFileType = wrapper.framework; name = CoreGraphics.framework; path = System/Library/Frameworks/CoreGraphics.framework; sourceTree = SDKROOT; };
		9E78A7BE16E34BA3000CA790 /* Bezaat-Info.plist */ = {isa = PBXFileReference; lastKnownFileType = text.plist.xml; path = "Bezaat-Info.plist"; sourceTree = "<group>"; };
		9E78A7C016E34BA3000CA790 /* en */ = {isa = PBXFileReference; lastKnownFileType = text.plist.strings; name = en; path = en.lproj/InfoPlist.strings; sourceTree = "<group>"; };
		9E78A7C216E34BA3000CA790 /* main.m */ = {isa = PBXFileReference; lastKnownFileType = sourcecode.c.objc; path = main.m; sourceTree = "<group>"; };
		9E78A7C416E34BA3000CA790 /* Bezaat-Prefix.pch */ = {isa = PBXFileReference; lastKnownFileType = sourcecode.c.h; path = "Bezaat-Prefix.pch"; sourceTree = "<group>"; };
		9E78A7C516E34BA3000CA790 /* AppDelegate.h */ = {isa = PBXFileReference; lastKnownFileType = sourcecode.c.h; path = AppDelegate.h; sourceTree = "<group>"; };
		9E78A7C616E34BA3000CA790 /* AppDelegate.m */ = {isa = PBXFileReference; lastKnownFileType = sourcecode.c.objc; path = AppDelegate.m; sourceTree = "<group>"; };
		9E78A7C816E34BA3000CA790 /* Default.png */ = {isa = PBXFileReference; lastKnownFileType = image.png; path = Default.png; sourceTree = "<group>"; };
		9E78A7CA16E34BA3000CA790 /* Default@2x.png */ = {isa = PBXFileReference; lastKnownFileType = image.png; path = "Default@2x.png"; sourceTree = "<group>"; };
		9E78A7CC16E34BA3000CA790 /* Default-568h@2x.png */ = {isa = PBXFileReference; lastKnownFileType = image.png; path = "Default-568h@2x.png"; sourceTree = "<group>"; };
		9E78A7F216E35556000CA790 /* ChooseActionViewController.h */ = {isa = PBXFileReference; fileEncoding = 4; lastKnownFileType = sourcecode.c.h; path = ChooseActionViewController.h; sourceTree = "<group>"; };
		9E78A7F316E35556000CA790 /* ChooseActionViewController.m */ = {isa = PBXFileReference; fileEncoding = 4; lastKnownFileType = sourcecode.c.objc; path = ChooseActionViewController.m; sourceTree = "<group>"; };
		9E78A7F416E35556000CA790 /* ChooseActionViewController.xib */ = {isa = PBXFileReference; fileEncoding = 4; lastKnownFileType = file.xib; path = ChooseActionViewController.xib; sourceTree = "<group>"; };
		9E78A7F516E35556000CA790 /* ChooseLocationViewController.h */ = {isa = PBXFileReference; fileEncoding = 4; lastKnownFileType = sourcecode.c.h; path = ChooseLocationViewController.h; sourceTree = "<group>"; };
		9E78A7F616E35556000CA790 /* ChooseLocationViewController.m */ = {isa = PBXFileReference; fileEncoding = 4; lastKnownFileType = sourcecode.c.objc; path = ChooseLocationViewController.m; sourceTree = "<group>"; };
		9E78A7F716E35556000CA790 /* ChooseLocationViewController.xib */ = {isa = PBXFileReference; fileEncoding = 4; lastKnownFileType = file.xib; path = ChooseLocationViewController.xib; sourceTree = "<group>"; };
		9E78A7F916E35556000CA790 /* SignInViewController.h */ = {isa = PBXFileReference; fileEncoding = 4; lastKnownFileType = sourcecode.c.h; path = SignInViewController.h; sourceTree = "<group>"; };
		9E78A7FA16E35556000CA790 /* SignInViewController.m */ = {isa = PBXFileReference; fileEncoding = 4; lastKnownFileType = sourcecode.c.objc; path = SignInViewController.m; sourceTree = "<group>"; };
		9E78A7FB16E35556000CA790 /* SignInViewController.xib */ = {isa = PBXFileReference; fileEncoding = 4; lastKnownFileType = file.xib; path = SignInViewController.xib; sourceTree = "<group>"; };
		9E78A80216E35573000CA790 /* SignUpViewController.h */ = {isa = PBXFileReference; fileEncoding = 4; lastKnownFileType = sourcecode.c.h; path = SignUpViewController.h; sourceTree = "<group>"; };
		9E78A80316E35573000CA790 /* SignUpViewController.m */ = {isa = PBXFileReference; fileEncoding = 4; lastKnownFileType = sourcecode.c.objc; path = SignUpViewController.m; sourceTree = "<group>"; };
		9E78A80416E35573000CA790 /* SignUpViewController.xib */ = {isa = PBXFileReference; fileEncoding = 4; lastKnownFileType = file.xib; path = SignUpViewController.xib; sourceTree = "<group>"; };
		9E78A80C16E356A0000CA790 /* AddNewCarAdViewController.h */ = {isa = PBXFileReference; fileEncoding = 4; lastKnownFileType = sourcecode.c.h; path = AddNewCarAdViewController.h; sourceTree = "<group>"; };
		9E78A80D16E356A0000CA790 /* AddNewCarAdViewController.m */ = {isa = PBXFileReference; fileEncoding = 4; lastKnownFileType = sourcecode.c.objc; path = AddNewCarAdViewController.m; sourceTree = "<group>"; };
		9E78A80E16E356A0000CA790 /* AddNewCarAdViewController.xib */ = {isa = PBXFileReference; fileEncoding = 4; lastKnownFileType = file.xib; path = AddNewCarAdViewController.xib; sourceTree = "<group>"; };
		9E78A81B16E357F4000CA790 /* BrowseCarAdsViewController.h */ = {isa = PBXFileReference; fileEncoding = 4; lastKnownFileType = sourcecode.c.h; path = BrowseCarAdsViewController.h; sourceTree = "<group>"; };
		9E78A81C16E357F4000CA790 /* BrowseCarAdsViewController.m */ = {isa = PBXFileReference; fileEncoding = 4; lastKnownFileType = sourcecode.c.objc; path = BrowseCarAdsViewController.m; sourceTree = "<group>"; };
		9E78A81D16E357F4000CA790 /* BrowseCarAdsViewController.xib */ = {isa = PBXFileReference; fileEncoding = 4; lastKnownFileType = file.xib; path = BrowseCarAdsViewController.xib; sourceTree = "<group>"; };
		9E78A82016E35838000CA790 /* CarAdDetailsViewController.h */ = {isa = PBXFileReference; fileEncoding = 4; lastKnownFileType = sourcecode.c.h; path = CarAdDetailsViewController.h; sourceTree = "<group>"; };
		9E78A82116E35838000CA790 /* CarAdDetailsViewController.m */ = {isa = PBXFileReference; fileEncoding = 4; lastKnownFileType = sourcecode.c.objc; path = CarAdDetailsViewController.m; sourceTree = "<group>"; };
		9E78A82216E35838000CA790 /* CarAdDetailsViewController.xib */ = {isa = PBXFileReference; fileEncoding = 4; lastKnownFileType = file.xib; path = CarAdDetailsViewController.xib; sourceTree = "<group>"; };
		9E78A82516E35ABD000CA790 /* EditProfileViewController.h */ = {isa = PBXFileReference; fileEncoding = 4; lastKnownFileType = sourcecode.c.h; path = EditProfileViewController.h; sourceTree = "<group>"; };
		9E78A82616E35ABD000CA790 /* EditProfileViewController.m */ = {isa = PBXFileReference; fileEncoding = 4; lastKnownFileType = sourcecode.c.objc; path = EditProfileViewController.m; sourceTree = "<group>"; };
		9E78A82716E35ABD000CA790 /* EditProfileViewController.xib */ = {isa = PBXFileReference; fileEncoding = 4; lastKnownFileType = file.xib; path = EditProfileViewController.xib; sourceTree = "<group>"; };
		9E78A82A16E35D07000CA790 /* ChoosePaymentViewController.h */ = {isa = PBXFileReference; fileEncoding = 4; lastKnownFileType = sourcecode.c.h; path = ChoosePaymentViewController.h; sourceTree = "<group>"; };
		9E78A82B16E35D07000CA790 /* ChoosePaymentViewController.m */ = {isa = PBXFileReference; fileEncoding = 4; lastKnownFileType = sourcecode.c.objc; path = ChoosePaymentViewController.m; sourceTree = "<group>"; };
		9E78A82C16E35D08000CA790 /* ChoosePaymentViewController.xib */ = {isa = PBXFileReference; fileEncoding = 4; lastKnownFileType = file.xib; path = ChoosePaymentViewController.xib; sourceTree = "<group>"; };
		9E78A83916E35EF5000CA790 /* PublishViewController.h */ = {isa = PBXFileReference; fileEncoding = 4; lastKnownFileType = sourcecode.c.h; path = PublishViewController.h; sourceTree = "<group>"; };
		9E78A83A16E35EF6000CA790 /* PublishViewController.m */ = {isa = PBXFileReference; fileEncoding = 4; lastKnownFileType = sourcecode.c.objc; path = PublishViewController.m; sourceTree = "<group>"; };
		9E78A83B16E35EF6000CA790 /* PublishViewController.xib */ = {isa = PBXFileReference; fileEncoding = 4; lastKnownFileType = file.xib; path = PublishViewController.xib; sourceTree = "<group>"; };
		9E78A84316E362A5000CA790 /* Constants.h */ = {isa = PBXFileReference; lastKnownFileType = sourcecode.c.h; path = Constants.h; sourceTree = "<group>"; };
		9E78A84416E363C8000CA790 /* CarAdManager.h */ = {isa = PBXFileReference; fileEncoding = 4; lastKnownFileType = sourcecode.c.h; path = CarAdManager.h; sourceTree = "<group>"; };
		9E78A84516E363C8000CA790 /* CarAdManager.m */ = {isa = PBXFileReference; fileEncoding = 4; lastKnownFileType = sourcecode.c.objc; path = CarAdManager.m; sourceTree = "<group>"; };
		9E78A84A16E363FB000CA790 /* CarAd.h */ = {isa = PBXFileReference; fileEncoding = 4; lastKnownFileType = sourcecode.c.h; path = CarAd.h; sourceTree = "<group>"; };
		9E78A84B16E363FC000CA790 /* CarAd.m */ = {isa = PBXFileReference; fileEncoding = 4; lastKnownFileType = sourcecode.c.objc; path = CarAd.m; sourceTree = "<group>"; };
		9E78A84D16E36425000CA790 /* StoreManager.h */ = {isa = PBXFileReference; fileEncoding = 4; lastKnownFileType = sourcecode.c.h; path = StoreManager.h; sourceTree = "<group>"; };
		9E78A84E16E36425000CA790 /* StoreManager.m */ = {isa = PBXFileReference; fileEncoding = 4; lastKnownFileType = sourcecode.c.objc; path = StoreManager.m; sourceTree = "<group>"; };
		9E78A85016E3643A000CA790 /* Store.h */ = {isa = PBXFileReference; fileEncoding = 4; lastKnownFileType = sourcecode.c.h; path = Store.h; sourceTree = "<group>"; };
		9E78A85116E3643B000CA790 /* Store.m */ = {isa = PBXFileReference; fileEncoding = 4; lastKnownFileType = sourcecode.c.objc; path = Store.m; sourceTree = "<group>"; };
		9E78A85816E49A52000CA790 /* BaseDataObject.h */ = {isa = PBXFileReference; fileEncoding = 4; lastKnownFileType = sourcecode.c.h; path = BaseDataObject.h; sourceTree = "<group>"; };
		9E78A85916E49A52000CA790 /* BaseDataObject.m */ = {isa = PBXFileReference; fileEncoding = 4; lastKnownFileType = sourcecode.c.objc; path = BaseDataObject.m; sourceTree = "<group>"; };
		9E78A85A16E49A52000CA790 /* BaseItemObject.h */ = {isa = PBXFileReference; fileEncoding = 4; lastKnownFileType = sourcecode.c.h; path = BaseItemObject.h; sourceTree = "<group>"; };
		9E78A85B16E49A52000CA790 /* BaseItemObject.m */ = {isa = PBXFileReference; fileEncoding = 4; lastKnownFileType = sourcecode.c.objc; path = BaseItemObject.m; sourceTree = "<group>"; };
		9E78A85C16E49A52000CA790 /* Configuration.h */ = {isa = PBXFileReference; fileEncoding = 4; lastKnownFileType = sourcecode.c.h; path = Configuration.h; sourceTree = "<group>"; };
		9E78A85D16E49A52000CA790 /* Configuration.m */ = {isa = PBXFileReference; fileEncoding = 4; lastKnownFileType = sourcecode.c.objc; path = Configuration.m; sourceTree = "<group>"; };
		9E78A86016E49A52000CA790 /* DropDownList.h */ = {isa = PBXFileReference; fileEncoding = 4; lastKnownFileType = sourcecode.c.h; path = DropDownList.h; sourceTree = "<group>"; };
		9E78A86116E49A52000CA790 /* DropDownList.m */ = {isa = PBXFileReference; fileEncoding = 4; lastKnownFileType = sourcecode.c.objc; path = DropDownList.m; sourceTree = "<group>"; };
		9E78A86416E49A52000CA790 /* TransparentOverlay+Private.h */ = {isa = PBXFileReference; fileEncoding = 4; lastKnownFileType = sourcecode.c.h; path = "TransparentOverlay+Private.h"; sourceTree = "<group>"; };
		9E78A86516E49A52000CA790 /* TransparentOverlay+Private.m */ = {isa = PBXFileReference; fileEncoding = 4; lastKnownFileType = sourcecode.c.objc; path = "TransparentOverlay+Private.m"; sourceTree = "<group>"; };
		9E78A86616E49A52000CA790 /* TransparentOverlay.h */ = {isa = PBXFileReference; fileEncoding = 4; lastKnownFileType = sourcecode.c.h; path = TransparentOverlay.h; sourceTree = "<group>"; };
		9E78A86716E49A52000CA790 /* TransparentOverlay.m */ = {isa = PBXFileReference; fileEncoding = 4; lastKnownFileType = sourcecode.c.objc; path = TransparentOverlay.m; sourceTree = "<group>"; };
		9E78A87116E4A1E0000CA790 /* GenericMethods.h */ = {isa = PBXFileReference; fileEncoding = 4; lastKnownFileType = sourcecode.c.h; path = GenericMethods.h; sourceTree = "<group>"; };
		9E78A87216E4A1E0000CA790 /* GenericMethods.m */ = {isa = PBXFileReference; fileEncoding = 4; lastKnownFileType = sourcecode.c.objc; path = GenericMethods.m; sourceTree = "<group>"; };
		9E9F08CA16E4DC3A000E8471 /* but-bg-active.png */ = {isa = PBXFileReference; lastKnownFileType = image.png; path = "but-bg-active.png"; sourceTree = "<group>"; };
		9E9F08CB16E4DC3A000E8471 /* but-bg-no-active.png */ = {isa = PBXFileReference; lastKnownFileType = image.png; path = "but-bg-no-active.png"; sourceTree = "<group>"; };
		9E9F08CC16E4DC3A000E8471 /* dropdown-item-bg-hover.png */ = {isa = PBXFileReference; lastKnownFileType = image.png; path = "dropdown-item-bg-hover.png"; sourceTree = "<group>"; };
		9E9F08CD16E4DC3A000E8471 /* dropdown-item-bg.png */ = {isa = PBXFileReference; lastKnownFileType = image.png; path = "dropdown-item-bg.png"; sourceTree = "<group>"; };
		9E9F08CE16E4DC3A000E8471 /* open-dropdown-bg-bottom.png */ = {isa = PBXFileReference; lastKnownFileType = image.png; path = "open-dropdown-bg-bottom.png"; sourceTree = "<group>"; };
		9E9F08CF16E4DC3A000E8471 /* open-dropdown-bg-inner.png */ = {isa = PBXFileReference; lastKnownFileType = image.png; path = "open-dropdown-bg-inner.png"; sourceTree = "<group>"; };
		9E9F08D016E4DC3A000E8471 /* open-dropdown-bg-top.png */ = {isa = PBXFileReference; lastKnownFileType = image.png; path = "open-dropdown-bg-top.png"; sourceTree = "<group>"; };
		9E9F090816E553D1000E8471 /* ModelCell.h */ = {isa = PBXFileReference; fileEncoding = 4; lastKnownFileType = sourcecode.c.h; path = ModelCell.h; sourceTree = "<group>"; };
		9E9F090916E553D2000E8471 /* ModelCell.m */ = {isa = PBXFileReference; fileEncoding = 4; lastKnownFileType = sourcecode.c.objc; path = ModelCell.m; sourceTree = "<group>"; };
		9E9F090D16E55695000E8471 /* QuartzCore.framework */ = {isa = PBXFileReference; lastKnownFileType = wrapper.framework; name = QuartzCore.framework; path = System/Library/Frameworks/QuartzCore.framework; sourceTree = SDKROOT; };
		9E9F09D816E63669000E8471 /* MJDetailViewController.h */ = {isa = PBXFileReference; fileEncoding = 4; lastKnownFileType = sourcecode.c.h; path = MJDetailViewController.h; sourceTree = "<group>"; };
		9E9F09D916E63669000E8471 /* MJDetailViewController.m */ = {isa = PBXFileReference; fileEncoding = 4; lastKnownFileType = sourcecode.c.objc; path = MJDetailViewController.m; sourceTree = "<group>"; };
		9E9F09DA16E63669000E8471 /* MJDetailViewController.xib */ = {isa = PBXFileReference; fileEncoding = 4; lastKnownFileType = file.xib; path = MJDetailViewController.xib; sourceTree = "<group>"; };
		9E9F09DC16E63669000E8471 /* MJSecondDetailViewController.h */ = {isa = PBXFileReference; fileEncoding = 4; lastKnownFileType = sourcecode.c.h; path = MJSecondDetailViewController.h; sourceTree = "<group>"; };
		9E9F09DD16E63669000E8471 /* MJSecondDetailViewController.m */ = {isa = PBXFileReference; fileEncoding = 4; lastKnownFileType = sourcecode.c.objc; path = MJSecondDetailViewController.m; sourceTree = "<group>"; };
		9E9F09DE16E63669000E8471 /* MJSecondDetailViewController.xib */ = {isa = PBXFileReference; fileEncoding = 4; lastKnownFileType = file.xib; path = MJSecondDetailViewController.xib; sourceTree = "<group>"; };
		9E9F09E016E63669000E8471 /* MJPopupBackgroundView.h */ = {isa = PBXFileReference; fileEncoding = 4; lastKnownFileType = sourcecode.c.h; path = MJPopupBackgroundView.h; sourceTree = "<group>"; };
		9E9F09E116E63669000E8471 /* MJPopupBackgroundView.m */ = {isa = PBXFileReference; fileEncoding = 4; lastKnownFileType = sourcecode.c.objc; path = MJPopupBackgroundView.m; sourceTree = "<group>"; };
		9E9F09E216E63669000E8471 /* UIViewController+MJPopupViewController.h */ = {isa = PBXFileReference; fileEncoding = 4; lastKnownFileType = sourcecode.c.h; path = "UIViewController+MJPopupViewController.h"; sourceTree = "<group>"; };
		9E9F09E316E63669000E8471 /* UIViewController+MJPopupViewController.m */ = {isa = PBXFileReference; fileEncoding = 4; lastKnownFileType = sourcecode.c.objc; path = "UIViewController+MJPopupViewController.m"; sourceTree = "<group>"; };
		9E9F09E516E63669000E8471 /* RFQuiltLayout.h */ = {isa = PBXFileReference; fileEncoding = 4; lastKnownFileType = sourcecode.c.h; path = RFQuiltLayout.h; sourceTree = "<group>"; };
		9E9F09E616E63669000E8471 /* RFQuiltLayout.m */ = {isa = PBXFileReference; fileEncoding = 4; lastKnownFileType = sourcecode.c.objc; path = RFQuiltLayout.m; sourceTree = "<group>"; };
		9E9F09EE16E636B9000E8471 /* ModelBrandCell.h */ = {isa = PBXFileReference; fileEncoding = 4; lastKnownFileType = sourcecode.c.h; path = ModelBrandCell.h; sourceTree = "<group>"; };
		9E9F09EF16E636B9000E8471 /* ModelBrandCell.m */ = {isa = PBXFileReference; fileEncoding = 4; lastKnownFileType = sourcecode.c.objc; path = ModelBrandCell.m; sourceTree = "<group>"; };
		9E9F09F116E63DFC000E8471 /* favourite.png */ = {isa = PBXFileReference; lastKnownFileType = image.png; path = favourite.png; sourceTree = "<group>"; };
		9E9F09F316E63E21000E8471 /* CarAdCell.h */ = {isa = PBXFileReference; fileEncoding = 4; lastKnownFileType = sourcecode.c.h; path = CarAdCell.h; sourceTree = "<group>"; };
		9E9F09F416E63E22000E8471 /* CarAdCell.m */ = {isa = PBXFileReference; fileEncoding = 4; lastKnownFileType = sourcecode.c.objc; path = CarAdCell.m; sourceTree = "<group>"; };
		9E9F09F616E63E38000E8471 /* CarAdCell.xib */ = {isa = PBXFileReference; fileEncoding = 4; lastKnownFileType = file.xib; path = CarAdCell.xib; sourceTree = "<group>"; };
		9E9F09F816E63EBB000E8471 /* sampleCar.png */ = {isa = PBXFileReference; lastKnownFileType = image.png; path = sampleCar.png; sourceTree = "<group>"; };
		9E9F0A0616E75E3B000E8471 /* CarModel.h */ = {isa = PBXFileReference; fileEncoding = 4; lastKnownFileType = sourcecode.c.h; path = CarModel.h; sourceTree = "<group>"; };
		9E9F0A0716E75E3B000E8471 /* CarModel.m */ = {isa = PBXFileReference; fileEncoding = 4; lastKnownFileType = sourcecode.c.objc; path = CarModel.m; sourceTree = "<group>"; };
		9E9F0A0816E75E3B000E8471 /* ModelBrand.h */ = {isa = PBXFileReference; fileEncoding = 4; lastKnownFileType = sourcecode.c.h; path = ModelBrand.h; sourceTree = "<group>"; };
		9E9F0A0916E75E3B000E8471 /* ModelBrand.m */ = {isa = PBXFileReference; fileEncoding = 4; lastKnownFileType = sourcecode.c.objc; path = ModelBrand.m; sourceTree = "<group>"; };
		9E9F0A0C16E75E3B000E8471 /* ProfileManager.h */ = {isa = PBXFileReference; fileEncoding = 4; lastKnownFileType = sourcecode.c.h; path = ProfileManager.h; sourceTree = "<group>"; };
		9E9F0A0D16E75E3B000E8471 /* ProfileManager.m */ = {isa = PBXFileReference; fileEncoding = 4; lastKnownFileType = sourcecode.c.objc; path = ProfileManager.m; sourceTree = "<group>"; };
		9E9F0A0E16E75E3B000E8471 /* UserProfile.h */ = {isa = PBXFileReference; fileEncoding = 4; lastKnownFileType = sourcecode.c.h; path = UserProfile.h; sourceTree = "<group>"; };
		9E9F0A0F16E75E3B000E8471 /* UserProfile.m */ = {isa = PBXFileReference; fileEncoding = 4; lastKnownFileType = sourcecode.c.objc; path = UserProfile.m; sourceTree = "<group>"; };
		9E9F0A1516E75E86000E8471 /* Toyota.png */ = {isa = PBXFileReference; lastKnownFileType = image.png; path = Toyota.png; sourceTree = "<group>"; };
		9E9F0A1816E75EBA000E8471 /* CarModelLoader.h */ = {isa = PBXFileReference; fileEncoding = 4; lastKnownFileType = sourcecode.c.h; path = CarModelLoader.h; sourceTree = "<group>"; };
		9E9F0A1916E75EBA000E8471 /* CarModelLoader.m */ = {isa = PBXFileReference; fileEncoding = 4; lastKnownFileType = sourcecode.c.objc; path = CarModelLoader.m; sourceTree = "<group>"; };
		9E9F0A1B16E76B3F000E8471 /* CarModels.plist */ = {isa = PBXFileReference; fileEncoding = 4; lastKnownFileType = text.plist.xml; path = CarModels.plist; sourceTree = "<group>"; };
		9E9F0A2116E782A3000E8471 /* BMW.png */ = {isa = PBXFileReference; lastKnownFileType = image.png; path = BMW.png; sourceTree = "<group>"; };
		9E9F0A2216E782A3000E8471 /* Mazda.png */ = {isa = PBXFileReference; lastKnownFileType = image.png; path = Mazda.png; sourceTree = "<group>"; };
		9E9F0A2316E782A3000E8471 /* Nissan.png */ = {isa = PBXFileReference; lastKnownFileType = image.png; path = Nissan.png; sourceTree = "<group>"; };
		9E9F0A2716E78B31000E8471 /* Country.h */ = {isa = PBXFileReference; fileEncoding = 4; lastKnownFileType = sourcecode.c.h; path = Country.h; sourceTree = "<group>"; };
		9E9F0A2816E78B31000E8471 /* Country.m */ = {isa = PBXFileReference; fileEncoding = 4; lastKnownFileType = sourcecode.c.objc; path = Country.m; sourceTree = "<group>"; };
		9E9F0A2A16E78C5C000E8471 /* City.h */ = {isa = PBXFileReference; fileEncoding = 4; lastKnownFileType = sourcecode.c.h; path = City.h; sourceTree = "<group>"; };
		9E9F0A2B16E78C5C000E8471 /* City.m */ = {isa = PBXFileReference; fileEncoding = 4; lastKnownFileType = sourcecode.c.objc; path = City.m; sourceTree = "<group>"; };
		9E9F0A2F16E7927D000E8471 /* CountryLoader.h */ = {isa = PBXFileReference; fileEncoding = 4; lastKnownFileType = sourcecode.c.h; path = CountryLoader.h; sourceTree = "<group>"; };
		9E9F0A3016E7927E000E8471 /* CountryLoader.m */ = {isa = PBXFileReference; fileEncoding = 4; lastKnownFileType = sourcecode.c.objc; path = CountryLoader.m; sourceTree = "<group>"; };
		9E9F0A3216E7CF16000E8471 /* Damascus.png */ = {isa = PBXFileReference; lastKnownFileType = image.png; path = Damascus.png; sourceTree = "<group>"; };
		9E9F0A3316E7CF16000E8471 /* Locations.plist */ = {isa = PBXFileReference; fileEncoding = 4; lastKnownFileType = text.plist.xml; path = Locations.plist; sourceTree = "<group>"; };
		9E9F0A3416E7CF16000E8471 /* Riyadh.png */ = {isa = PBXFileReference; lastKnownFileType = image.png; path = Riyadh.png; sourceTree = "<group>"; };
		9E9F0A7316EC8248000E8471 /* Accounts.framework */ = {isa = PBXFileReference; lastKnownFileType = wrapper.framework; name = Accounts.framework; path = System/Library/Frameworks/Accounts.framework; sourceTree = SDKROOT; };
		9E9F0A7516EC824E000E8471 /* Social.framework */ = {isa = PBXFileReference; lastKnownFileType = wrapper.framework; name = Social.framework; path = System/Library/Frameworks/Social.framework; sourceTree = SDKROOT; };
		9E9F0A8216ECA939000E8471 /* TWAccountsViewController.h */ = {isa = PBXFileReference; fileEncoding = 4; lastKnownFileType = sourcecode.c.h; path = TWAccountsViewController.h; sourceTree = "<group>"; };
		9E9F0A8316ECA939000E8471 /* TWAccountsViewController.m */ = {isa = PBXFileReference; fileEncoding = 4; lastKnownFileType = sourcecode.c.objc; path = TWAccountsViewController.m; sourceTree = "<group>"; };
		9E9F0A8416ECA939000E8471 /* TWAccountsViewController.xib */ = {isa = PBXFileReference; fileEncoding = 4; lastKnownFileType = file.xib; path = TWAccountsViewController.xib; sourceTree = "<group>"; };
		9E9F0A8516ECA939000E8471 /* ViewController.h */ = {isa = PBXFileReference; fileEncoding = 4; lastKnownFileType = sourcecode.c.h; path = ViewController.h; sourceTree = "<group>"; };
		9E9F0A8616ECA939000E8471 /* ViewController.m */ = {isa = PBXFileReference; fileEncoding = 4; lastKnownFileType = sourcecode.c.objc; path = ViewController.m; sourceTree = "<group>"; };
		9E9F0A8716ECA939000E8471 /* ViewController.xib */ = {isa = PBXFileReference; fileEncoding = 4; lastKnownFileType = file.xib; path = ViewController.xib; sourceTree = "<group>"; };
/* End PBXFileReference section */

/* Begin PBXFrameworksBuildPhase section */
		9E78A7B016E34BA2000CA790 /* Frameworks */ = {
			isa = PBXFrameworksBuildPhase;
			buildActionMask = 2147483647;
			files = (
				9E1CA25B16F61D3C001A7DA1 /* MessageUI.framework in Frameworks */,
				9E1CA25816F61D34001A7DA1 /* CoreLocation.framework in Frameworks */,
				9E78A7B716E34BA2000CA790 /* UIKit.framework in Frameworks */,
				9E78A7B916E34BA2000CA790 /* Foundation.framework in Frameworks */,
				9E78A7BB16E34BA2000CA790 /* CoreGraphics.framework in Frameworks */,
				9E9F090E16E55695000E8471 /* QuartzCore.framework in Frameworks */,
				9EDF783616F1E57600FB3BDD /* Social.framework in Frameworks */,
				9EDF783716F1E57B00FB3BDD /* Accounts.framework in Frameworks */,
				9E1CA1F716F54EE6001A7DA1 /* AdSupport.framework in Frameworks */,
				9E1CA1F016F54E4F001A7DA1 /* FacebookSDK.framework in Frameworks */,
				9E4315BA16EDFEEF0040359E /* libAubadaLibrary.a in Frameworks */,
				24B2138016F1EB9200E20893 /* libAURosetteViewLib.a in Frameworks */,
			);
			runOnlyForDeploymentPostprocessing = 0;
		};
/* End PBXFrameworksBuildPhase section */

/* Begin PBXGroup section */
		243084B016F60AF00050CDFF /* Temproy images */ = {
			isa = PBXGroup;
			children = (
				243084B116F60B200050CDFF /* Circle_Blue32.png */,
				243084B216F60B200050CDFF /* Circle_Grey32.png */,
				243084B316F60B200050CDFF /* friend.png */,
				243084B416F60B200050CDFF /* select_32.png */,
				243084B516F60B200050CDFF /* unselect_32.png */,
			);
			name = "Temproy images";
			sourceTree = "<group>";
		};
		24B2136216F1EB2200E20893 /* Products */ = {
			isa = PBXGroup;
			children = (
				24B2137A16F1EB2200E20893 /* AURosetteView.app */,
				24B2137C16F1EB2200E20893 /* libAURosetteViewLib.a */,
			);
			name = Products;
			sourceTree = "<group>";
		};
		24B2136A16F1EB2200E20893 /* Scripts */ = {
			isa = PBXGroup;
			children = (
				24B2136B16F1EB2200E20893 /* CopyHeadersToLegacyBuildDir.command */,
			);
			path = Scripts;
			sourceTree = "<group>";
		};
		24B2137D16F1EB3900E20893 /* ShareButtonLib */ = {
			isa = PBXGroup;
			children = (
				24B2136116F1EB2200E20893 /* AURosetteView.xcodeproj */,
				24B2136A16F1EB2200E20893 /* Scripts */,
			);
			name = ShareButtonLib;
			sourceTree = "<group>";
		};
		24B2138F16F203B200E20893 /* StackedPhotoCollectionView */ = {
			isa = PBXGroup;
			children = (
				24B2139116F2040200E20893 /* BHAlbum.h */,
				24B2139216F2040200E20893 /* BHAlbum.m */,
				24B2139316F2040200E20893 /* BHAlbumPhotoCell.h */,
				24B2139416F2040200E20893 /* BHAlbumPhotoCell.m */,
				24B2139516F2040200E20893 /* BHAlbumTitleReusableView.h */,
				24B2139616F2040200E20893 /* BHAlbumTitleReusableView.m */,
				24B2139716F2040200E20893 /* BHEmblemView.h */,
				24B2139816F2040200E20893 /* BHEmblemView.m */,
				24B2139916F2040200E20893 /* BHPhoto.h */,
				24B2139A16F2040200E20893 /* BHPhoto.m */,
				24B2139B16F2040200E20893 /* BHPhotoAlbumLayout.h */,
				24B2139C16F2040200E20893 /* BHPhotoAlbumLayout.m */,
			);
			name = StackedPhotoCollectionView;
			sourceTree = "<group>";
		};
		9E4315B316EDFEE30040359E /* Products */ = {
			isa = PBXGroup;
			children = (
				9E4315B716EDFEE30040359E /* libAubadaLibrary.a */,
			);
			name = Products;
			sourceTree = "<group>";
		};
		9E78A7AA16E34BA2000CA790 = {
			isa = PBXGroup;
			children = (
				9E78A7BC16E34BA2000CA790 /* Bezaat */,
				9E9F082F16E4AFCF000E8471 /* Resources */,
				9E78A7B516E34BA2000CA790 /* Frameworks */,
				9E78A7B416E34BA2000CA790 /* Products */,
			);
			sourceTree = "<group>";
		};
		9E78A7B416E34BA2000CA790 /* Products */ = {
			isa = PBXGroup;
			children = (
				9E78A7B316E34BA2000CA790 /* Bezaat.app */,
			);
			name = Products;
			sourceTree = "<group>";
		};
		9E78A7B516E34BA2000CA790 /* Frameworks */ = {
			isa = PBXGroup;
			children = (
				24B2137D16F1EB3900E20893 /* ShareButtonLib */,
				9E4315B216EDFEE30040359E /* AubadaLibrary.xcodeproj */,
				9E1CA1EF16F54E4F001A7DA1 /* FacebookSDK.framework */,
				9E1CA1F416F54EA5001A7DA1 /* FBUserSettingsViewResources.bundle */,
				9E1CA1F216F54E8D001A7DA1 /* FacebookSDKResources.bundle */,
				9E1CA25A16F61D3C001A7DA1 /* MessageUI.framework */,
				9E1CA25716F61D34001A7DA1 /* CoreLocation.framework */,
				9E9F0A7516EC824E000E8471 /* Social.framework */,
				9E1CA1F616F54EE6001A7DA1 /* AdSupport.framework */,
				9E9F0A7316EC8248000E8471 /* Accounts.framework */,
				9E9F090D16E55695000E8471 /* QuartzCore.framework */,
				9E78A7B616E34BA2000CA790 /* UIKit.framework */,
				9E78A7B816E34BA2000CA790 /* Foundation.framework */,
				9E78A7BA16E34BA2000CA790 /* CoreGraphics.framework */,
			);
			name = Frameworks;
			sourceTree = "<group>";
		};
		9E78A7BC16E34BA2000CA790 /* Bezaat */ = {
			isa = PBXGroup;
			children = (
				9E78A7C516E34BA3000CA790 /* AppDelegate.h */,
				9E78A7C616E34BA3000CA790 /* AppDelegate.m */,
				9E78A7DC16E34CE9000CA790 /* Main */,
				9E78A7D916E34CE9000CA790 /* CarAds */,
				9E78A7DF16E34CE9000CA790 /* Stores */,
				9E78A85516E4930F000CA790 /* Supporting classes */,
				9E78A7BD16E34BA3000CA790 /* Supporting Files */,
			);
			path = Bezaat;
			sourceTree = "<group>";
		};
		9E78A7BD16E34BA3000CA790 /* Supporting Files */ = {
			isa = PBXGroup;
			children = (
				9E78A7BE16E34BA3000CA790 /* Bezaat-Info.plist */,
				9E78A7BF16E34BA3000CA790 /* InfoPlist.strings */,
				9E78A7C216E34BA3000CA790 /* main.m */,
				9E78A7C416E34BA3000CA790 /* Bezaat-Prefix.pch */,
				9E78A84316E362A5000CA790 /* Constants.h */,
				9E78A7C816E34BA3000CA790 /* Default.png */,
				9E78A7CA16E34BA3000CA790 /* Default@2x.png */,
				9E78A7CC16E34BA3000CA790 /* Default-568h@2x.png */,
			);
			name = "Supporting Files";
			sourceTree = "<group>";
		};
		9E78A7D916E34CE9000CA790 /* CarAds */ = {
			isa = PBXGroup;
			children = (
				9E78A7DA16E34CE9000CA790 /* Controller */,
				9E78A7DB16E34CE9000CA790 /* View */,
			);
			path = CarAds;
			sourceTree = "<group>";
		};
		9E78A7DA16E34CE9000CA790 /* Controller */ = {
			isa = PBXGroup;
			children = (
				9E78A84416E363C8000CA790 /* CarAdManager.h */,
				9E78A84516E363C8000CA790 /* CarAdManager.m */,
				9E78A84A16E363FB000CA790 /* CarAd.h */,
				9E78A84B16E363FC000CA790 /* CarAd.m */,
			);
			path = Controller;
			sourceTree = "<group>";
		};
		9E78A7DB16E34CE9000CA790 /* View */ = {
			isa = PBXGroup;
			children = (
				9E78A80C16E356A0000CA790 /* AddNewCarAdViewController.h */,
				9E78A80D16E356A0000CA790 /* AddNewCarAdViewController.m */,
				9E78A80E16E356A0000CA790 /* AddNewCarAdViewController.xib */,
				9E78A81B16E357F4000CA790 /* BrowseCarAdsViewController.h */,
				9E78A81C16E357F4000CA790 /* BrowseCarAdsViewController.m */,
				9E78A81D16E357F4000CA790 /* BrowseCarAdsViewController.xib */,
				9E9F09F316E63E21000E8471 /* CarAdCell.h */,
				9E9F09F416E63E22000E8471 /* CarAdCell.m */,
				9E9F09F616E63E38000E8471 /* CarAdCell.xib */,
				9E78A82016E35838000CA790 /* CarAdDetailsViewController.h */,
				9E78A82116E35838000CA790 /* CarAdDetailsViewController.m */,
				9E78A82216E35838000CA790 /* CarAdDetailsViewController.xib */,
			);
			path = View;
			sourceTree = "<group>";
		};
		9E78A7DC16E34CE9000CA790 /* Main */ = {
			isa = PBXGroup;
			children = (
				9E78A7DD16E34CE9000CA790 /* Controller */,
				9E78A7DE16E34CE9000CA790 /* View */,
			);
			path = Main;
			sourceTree = "<group>";
		};
		9E78A7DD16E34CE9000CA790 /* Controller */ = {
			isa = PBXGroup;
			children = (
				9E9F0A0516E75E3B000E8471 /* Car Models */,
				9E9F0A0A16E75E3B000E8471 /* Locations */,
				9E9F0A0B16E75E3B000E8471 /* User Profile */,
			);
			path = Controller;
			sourceTree = "<group>";
		};
		9E78A7DE16E34CE9000CA790 /* View */ = {
			isa = PBXGroup;
			children = (
				9E78A7F116E35556000CA790 /* Actions */,
				9E78A7F816E35556000CA790 /* User profile */,
			);
			path = View;
			sourceTree = "<group>";
		};
		9E78A7DF16E34CE9000CA790 /* Stores */ = {
			isa = PBXGroup;
			children = (
				9E78A7E016E34CE9000CA790 /* Controller */,
				9E9F09FE16E7475B000E8471 /* View */,
			);
			path = Stores;
			sourceTree = "<group>";
		};
		9E78A7E016E34CE9000CA790 /* Controller */ = {
			isa = PBXGroup;
			children = (
				9E78A84D16E36425000CA790 /* StoreManager.h */,
				9E78A84E16E36425000CA790 /* StoreManager.m */,
				9E78A85016E3643A000CA790 /* Store.h */,
				9E78A85116E3643B000CA790 /* Store.m */,
			);
			path = Controller;
			sourceTree = "<group>";
		};
		9E78A7F116E35556000CA790 /* Actions */ = {
			isa = PBXGroup;
			children = (
				24B213B916F2130200E20893 /* BHCollectionViewController.h */,
				24B213BA16F2130200E20893 /* BHCollectionViewController.m */,
				24B213BB16F2130200E20893 /* BHCollectionViewController.xib */,
				9E78A7F516E35556000CA790 /* ChooseLocationViewController.h */,
				9E78A7F616E35556000CA790 /* ChooseLocationViewController.m */,
				9E78A7F716E35556000CA790 /* ChooseLocationViewController.xib */,
				9E78A7F216E35556000CA790 /* ChooseActionViewController.h */,
				9E78A7F316E35556000CA790 /* ChooseActionViewController.m */,
				9E78A7F416E35556000CA790 /* ChooseActionViewController.xib */,
				9E9F090816E553D1000E8471 /* ModelCell.h */,
				9E9F090916E553D2000E8471 /* ModelCell.m */,
				9E9F09EE16E636B9000E8471 /* ModelBrandCell.h */,
				9E9F09EF16E636B9000E8471 /* ModelBrandCell.m */,
				9E78A82A16E35D07000CA790 /* ChoosePaymentViewController.h */,
				9E78A82B16E35D07000CA790 /* ChoosePaymentViewController.m */,
				9E78A82C16E35D08000CA790 /* ChoosePaymentViewController.xib */,
				9E78A83916E35EF5000CA790 /* PublishViewController.h */,
				9E78A83A16E35EF6000CA790 /* PublishViewController.m */,
				9E78A83B16E35EF6000CA790 /* PublishViewController.xib */,
				243084AA16F609750050CDFF /* FriendsListViewController.h */,
				243084AB16F609750050CDFF /* FriendsListViewController.m */,
				243084AC16F609750050CDFF /* FriendsListViewController.xib */,
			);
			path = Actions;
			sourceTree = "<group>";
		};
		9E78A7F816E35556000CA790 /* User profile */ = {
			isa = PBXGroup;
			children = (
				9E78A7F916E35556000CA790 /* SignInViewController.h */,
				9E78A7FA16E35556000CA790 /* SignInViewController.m */,
				9E78A7FB16E35556000CA790 /* SignInViewController.xib */,
				9E78A80216E35573000CA790 /* SignUpViewController.h */,
				9E78A80316E35573000CA790 /* SignUpViewController.m */,
				9E78A80416E35573000CA790 /* SignUpViewController.xib */,
				9E78A82516E35ABD000CA790 /* EditProfileViewController.h */,
				9E78A82616E35ABD000CA790 /* EditProfileViewController.m */,
				9E78A82716E35ABD000CA790 /* EditProfileViewController.xib */,
			);
			path = "User profile";
			sourceTree = "<group>";
		};
		9E78A85516E4930F000CA790 /* Supporting classes */ = {
			isa = PBXGroup;
			children = (
				9E78A85616E4930F000CA790 /* Custom Controls */,
				9E78A87116E4A1E0000CA790 /* GenericMethods.h */,
				9E78A87216E4A1E0000CA790 /* GenericMethods.m */,
			);
			path = "Supporting classes";
			sourceTree = "<group>";
		};
		9E78A85616E4930F000CA790 /* Custom Controls */ = {
			isa = PBXGroup;
			children = (
				24B2138F16F203B200E20893 /* StackedPhotoCollectionView */,
				9E78A85716E49A52000CA790 /* CustomDropDownList */,
				9E9F09D616E63669000E8471 /* MJPopupViewController */,
				9E9F09E416E63669000E8471 /* RFQuiltLayout */,
			);
			path = "Custom Controls";
			sourceTree = "<group>";
		};
		9E78A85716E49A52000CA790 /* CustomDropDownList */ = {
			isa = PBXGroup;
			children = (
				9E78A85816E49A52000CA790 /* BaseDataObject.h */,
				9E78A85916E49A52000CA790 /* BaseDataObject.m */,
				9E78A85A16E49A52000CA790 /* BaseItemObject.h */,
				9E78A85B16E49A52000CA790 /* BaseItemObject.m */,
				9E78A85C16E49A52000CA790 /* Configuration.h */,
				9E78A85D16E49A52000CA790 /* Configuration.m */,
				9E78A86016E49A52000CA790 /* DropDownList.h */,
				9E78A86116E49A52000CA790 /* DropDownList.m */,
				9E78A86416E49A52000CA790 /* TransparentOverlay+Private.h */,
				9E78A86516E49A52000CA790 /* TransparentOverlay+Private.m */,
				9E78A86616E49A52000CA790 /* TransparentOverlay.h */,
				9E78A86716E49A52000CA790 /* TransparentOverlay.m */,
			);
			path = CustomDropDownList;
			sourceTree = "<group>";
		};
		9E9F082F16E4AFCF000E8471 /* Resources */ = {
			isa = PBXGroup;
			children = (
				243084B016F60AF00050CDFF /* Temproy images */,
				9E9F0A1416E75E86000E8471 /* Car Models */,
				9E9F0A1616E75E86000E8471 /* Locations */,
				9E9F09F116E63DFC000E8471 /* favourite.png */,
				9E9F09F816E63EBB000E8471 /* sampleCar.png */,
				9E9F08C916E4DC3A000E8471 /* CustomDropDownList resources */,
			);
			name = Resources;
			path = Bezaat/Resources;
			sourceTree = "<group>";
		};
		9E9F08C916E4DC3A000E8471 /* CustomDropDownList resources */ = {
			isa = PBXGroup;
			children = (
				9E9F08CA16E4DC3A000E8471 /* but-bg-active.png */,
				9E9F08CB16E4DC3A000E8471 /* but-bg-no-active.png */,
				9E9F08CC16E4DC3A000E8471 /* dropdown-item-bg-hover.png */,
				9E9F08CD16E4DC3A000E8471 /* dropdown-item-bg.png */,
				9E9F08CE16E4DC3A000E8471 /* open-dropdown-bg-bottom.png */,
				9E9F08CF16E4DC3A000E8471 /* open-dropdown-bg-inner.png */,
				9E9F08D016E4DC3A000E8471 /* open-dropdown-bg-top.png */,
			);
			path = "CustomDropDownList resources";
			sourceTree = "<group>";
		};
		9E9F09D616E63669000E8471 /* MJPopupViewController */ = {
			isa = PBXGroup;
			children = (
				9E9F09D716E63669000E8471 /* DetailViewController */,
				9E9F09DB16E63669000E8471 /* SecondDetailViewController */,
				9E9F09DF16E63669000E8471 /* Source */,
			);
			path = MJPopupViewController;
			sourceTree = "<group>";
		};
		9E9F09D716E63669000E8471 /* DetailViewController */ = {
			isa = PBXGroup;
			children = (
				9E9F09D816E63669000E8471 /* MJDetailViewController.h */,
				9E9F09D916E63669000E8471 /* MJDetailViewController.m */,
				9E9F09DA16E63669000E8471 /* MJDetailViewController.xib */,
			);
			path = DetailViewController;
			sourceTree = "<group>";
		};
		9E9F09DB16E63669000E8471 /* SecondDetailViewController */ = {
			isa = PBXGroup;
			children = (
				9E9F09DC16E63669000E8471 /* MJSecondDetailViewController.h */,
				9E9F09DD16E63669000E8471 /* MJSecondDetailViewController.m */,
				9E9F09DE16E63669000E8471 /* MJSecondDetailViewController.xib */,
			);
			path = SecondDetailViewController;
			sourceTree = "<group>";
		};
		9E9F09DF16E63669000E8471 /* Source */ = {
			isa = PBXGroup;
			children = (
				9E9F09E016E63669000E8471 /* MJPopupBackgroundView.h */,
				9E9F09E116E63669000E8471 /* MJPopupBackgroundView.m */,
				9E9F09E216E63669000E8471 /* UIViewController+MJPopupViewController.h */,
				9E9F09E316E63669000E8471 /* UIViewController+MJPopupViewController.m */,
			);
			path = Source;
			sourceTree = "<group>";
		};
		9E9F09E416E63669000E8471 /* RFQuiltLayout */ = {
			isa = PBXGroup;
			children = (
				9E9F09E516E63669000E8471 /* RFQuiltLayout.h */,
				9E9F09E616E63669000E8471 /* RFQuiltLayout.m */,
			);
			path = RFQuiltLayout;
			sourceTree = "<group>";
		};
		9E9F09FE16E7475B000E8471 /* View */ = {
			isa = PBXGroup;
			children = (
			);
			path = View;
			sourceTree = "<group>";
		};
		9E9F0A0516E75E3B000E8471 /* Car Models */ = {
			isa = PBXGroup;
			children = (
				9E9F0A0616E75E3B000E8471 /* CarModel.h */,
				9E9F0A0716E75E3B000E8471 /* CarModel.m */,
				9E9F0A0816E75E3B000E8471 /* ModelBrand.h */,
				9E9F0A0916E75E3B000E8471 /* ModelBrand.m */,
				9E9F0A1816E75EBA000E8471 /* CarModelLoader.h */,
				9E9F0A1916E75EBA000E8471 /* CarModelLoader.m */,
			);
			path = "Car Models";
			sourceTree = "<group>";
		};
		9E9F0A0A16E75E3B000E8471 /* Locations */ = {
			isa = PBXGroup;
			children = (
				9E9F0A2716E78B31000E8471 /* Country.h */,
				9E9F0A2816E78B31000E8471 /* Country.m */,
				9E9F0A2A16E78C5C000E8471 /* City.h */,
				9E9F0A2B16E78C5C000E8471 /* City.m */,
				9E9F0A2F16E7927D000E8471 /* CountryLoader.h */,
				9E9F0A3016E7927E000E8471 /* CountryLoader.m */,
			);
			path = Locations;
			sourceTree = "<group>";
		};
		9E9F0A0B16E75E3B000E8471 /* User Profile */ = {
			isa = PBXGroup;
			children = (
				9E9F0A0C16E75E3B000E8471 /* ProfileManager.h */,
				9E9F0A0D16E75E3B000E8471 /* ProfileManager.m */,
				9E9F0A0E16E75E3B000E8471 /* UserProfile.h */,
				9E9F0A0F16E75E3B000E8471 /* UserProfile.m */,
				9E9F0A8116ECA939000E8471 /* Temp for social Login */,
			);
			path = "User Profile";
			sourceTree = "<group>";
		};
		9E9F0A1416E75E86000E8471 /* Car Models */ = {
			isa = PBXGroup;
			children = (
				9E9F0A1516E75E86000E8471 /* Toyota.png */,
				9E9F0A2116E782A3000E8471 /* BMW.png */,
				9E9F0A2216E782A3000E8471 /* Mazda.png */,
				9E9F0A2316E782A3000E8471 /* Nissan.png */,
				9E9F0A1B16E76B3F000E8471 /* CarModels.plist */,
			);
			path = "Car Models";
			sourceTree = "<group>";
		};
		9E9F0A1616E75E86000E8471 /* Locations */ = {
			isa = PBXGroup;
			children = (
				9E9F0A3216E7CF16000E8471 /* Damascus.png */,
				9E9F0A3316E7CF16000E8471 /* Locations.plist */,
				9E9F0A3416E7CF16000E8471 /* Riyadh.png */,
			);
			path = Locations;
			sourceTree = "<group>";
		};
		9E9F0A8116ECA939000E8471 /* Temp for social Login */ = {
			isa = PBXGroup;
			children = (
				9E9F0A8216ECA939000E8471 /* TWAccountsViewController.h */,
				9E9F0A8316ECA939000E8471 /* TWAccountsViewController.m */,
				9E9F0A8416ECA939000E8471 /* TWAccountsViewController.xib */,
				9E9F0A8516ECA939000E8471 /* ViewController.h */,
				9E9F0A8616ECA939000E8471 /* ViewController.m */,
				9E9F0A8716ECA939000E8471 /* ViewController.xib */,
			);
			path = "Temp for social Login";
			sourceTree = "<group>";
		};
/* End PBXGroup section */

/* Begin PBXNativeTarget section */
		9E78A7B216E34BA2000CA790 /* Bezaat */ = {
			isa = PBXNativeTarget;
			buildConfigurationList = 9E78A7D616E34BA3000CA790 /* Build configuration list for PBXNativeTarget "Bezaat" */;
			buildPhases = (
				9E78A7AF16E34BA2000CA790 /* Sources */,
				9E78A7B016E34BA2000CA790 /* Frameworks */,
				9E78A7B116E34BA2000CA790 /* Resources */,
			);
			buildRules = (
			);
			dependencies = (
				24B2137F16F1EB8900E20893 /* PBXTargetDependency */,
				9E4315B916EDFEEC0040359E /* PBXTargetDependency */,
			);
			name = Bezaat;
			productName = Bezaat;
			productReference = 9E78A7B316E34BA2000CA790 /* Bezaat.app */;
			productType = "com.apple.product-type.application";
		};
/* End PBXNativeTarget section */

/* Begin PBXProject section */
		9E78A7AB16E34BA2000CA790 /* Project object */ = {
			isa = PBXProject;
			attributes = {
				LastUpgradeCheck = 0460;
				ORGANIZATIONNAME = Syrisoft;
			};
			buildConfigurationList = 9E78A7AE16E34BA2000CA790 /* Build configuration list for PBXProject "Bezaat" */;
			compatibilityVersion = "Xcode 3.2";
			developmentRegion = English;
			hasScannedForEncodings = 0;
			knownRegions = (
				en,
			);
			mainGroup = 9E78A7AA16E34BA2000CA790;
			productRefGroup = 9E78A7B416E34BA2000CA790 /* Products */;
			projectDirPath = "";
			projectReferences = (
				{
					ProductGroup = 9E4315B316EDFEE30040359E /* Products */;
					ProjectRef = 9E4315B216EDFEE30040359E /* AubadaLibrary.xcodeproj */;
				},
				{
					ProductGroup = 24B2136216F1EB2200E20893 /* Products */;
					ProjectRef = 24B2136116F1EB2200E20893 /* AURosetteView.xcodeproj */;
				},
			);
			projectRoot = "";
			targets = (
				9E78A7B216E34BA2000CA790 /* Bezaat */,
			);
		};
/* End PBXProject section */

/* Begin PBXReferenceProxy section */
		24B2137A16F1EB2200E20893 /* AURosetteView.app */ = {
			isa = PBXReferenceProxy;
			fileType = wrapper.application;
			path = AURosetteView.app;
			remoteRef = 24B2137916F1EB2200E20893 /* PBXContainerItemProxy */;
			sourceTree = BUILT_PRODUCTS_DIR;
		};
		24B2137C16F1EB2200E20893 /* libAURosetteViewLib.a */ = {
			isa = PBXReferenceProxy;
			fileType = archive.ar;
			path = libAURosetteViewLib.a;
			remoteRef = 24B2137B16F1EB2200E20893 /* PBXContainerItemProxy */;
			sourceTree = BUILT_PRODUCTS_DIR;
		};
		9E4315B716EDFEE30040359E /* libAubadaLibrary.a */ = {
			isa = PBXReferenceProxy;
			fileType = archive.ar;
			path = libAubadaLibrary.a;
			remoteRef = 9E4315B616EDFEE30040359E /* PBXContainerItemProxy */;
			sourceTree = BUILT_PRODUCTS_DIR;
		};
/* End PBXReferenceProxy section */

/* Begin PBXResourcesBuildPhase section */
		9E78A7B116E34BA2000CA790 /* Resources */ = {
			isa = PBXResourcesBuildPhase;
			buildActionMask = 2147483647;
			files = (
				24B213C016F2191E00E20893 /* BHCollectionViewController.xib in Resources */,
				9E78A7C116E34BA3000CA790 /* InfoPlist.strings in Resources */,
				9E78A7C916E34BA3000CA790 /* Default.png in Resources */,
				9E78A7CB16E34BA3000CA790 /* Default@2x.png in Resources */,
				9E78A7CD16E34BA3000CA790 /* Default-568h@2x.png in Resources */,
				9E78A7FD16E35556000CA790 /* ChooseActionViewController.xib in Resources */,
				9E78A7FF16E35556000CA790 /* ChooseLocationViewController.xib in Resources */,
				9E78A80116E35556000CA790 /* SignInViewController.xib in Resources */,
				9E78A80616E35573000CA790 /* SignUpViewController.xib in Resources */,
				9E78A81016E356A0000CA790 /* AddNewCarAdViewController.xib in Resources */,
				9E78A81F16E357F4000CA790 /* BrowseCarAdsViewController.xib in Resources */,
				9E78A82416E35838000CA790 /* CarAdDetailsViewController.xib in Resources */,
				9E78A82916E35ABD000CA790 /* EditProfileViewController.xib in Resources */,
				9E78A82E16E35D08000CA790 /* ChoosePaymentViewController.xib in Resources */,
				9E78A83D16E35EF6000CA790 /* PublishViewController.xib in Resources */,
				9E9F08D116E4DC3A000E8471 /* but-bg-active.png in Resources */,
				9E9F08D216E4DC3A000E8471 /* but-bg-no-active.png in Resources */,
				9E9F08D316E4DC3A000E8471 /* dropdown-item-bg-hover.png in Resources */,
				9E9F08D416E4DC3A000E8471 /* dropdown-item-bg.png in Resources */,
				9E9F08D516E4DC3A000E8471 /* open-dropdown-bg-bottom.png in Resources */,
				9E9F08D616E4DC3A000E8471 /* open-dropdown-bg-inner.png in Resources */,
				9E9F08D716E4DC3A000E8471 /* open-dropdown-bg-top.png in Resources */,
				9E9F09E816E63669000E8471 /* MJDetailViewController.xib in Resources */,
				9E9F09EA16E63669000E8471 /* MJSecondDetailViewController.xib in Resources */,
				9E9F09F216E63DFC000E8471 /* favourite.png in Resources */,
				9E9F09F716E63E39000E8471 /* CarAdCell.xib in Resources */,
				9E9F09F916E63EBB000E8471 /* sampleCar.png in Resources */,
				9E9F0A1716E75E86000E8471 /* Toyota.png in Resources */,
				9E9F0A1C16E76B3F000E8471 /* CarModels.plist in Resources */,
				9E9F0A2416E782A3000E8471 /* BMW.png in Resources */,
				9E9F0A2516E782A3000E8471 /* Mazda.png in Resources */,
				9E9F0A2616E782A3000E8471 /* Nissan.png in Resources */,
				9E9F0A3516E7CF16000E8471 /* Damascus.png in Resources */,
				9E9F0A3616E7CF16000E8471 /* Locations.plist in Resources */,
				9E9F0A3716E7CF16000E8471 /* Riyadh.png in Resources */,
				9E9F0A8916ECA939000E8471 /* TWAccountsViewController.xib in Resources */,
				9E9F0A8B16ECA939000E8471 /* ViewController.xib in Resources */,
				24B2137616F1EB2200E20893 /* CopyHeadersToLegacyBuildDir.command in Resources */,
				9E1CA1F316F54E8D001A7DA1 /* FacebookSDKResources.bundle in Resources */,
				9E1CA1F516F54EA5001A7DA1 /* FBUserSettingsViewResources.bundle in Resources */,
				243084AE16F609750050CDFF /* FriendsListViewController.xib in Resources */,
				243084B616F60B200050CDFF /* Circle_Blue32.png in Resources */,
				243084B716F60B200050CDFF /* Circle_Grey32.png in Resources */,
				243084B816F60B200050CDFF /* friend.png in Resources */,
				243084B916F60B200050CDFF /* select_32.png in Resources */,
				243084BA16F60B200050CDFF /* unselect_32.png in Resources */,
			);
			runOnlyForDeploymentPostprocessing = 0;
		};
/* End PBXResourcesBuildPhase section */

/* Begin PBXSourcesBuildPhase section */
		9E78A7AF16E34BA2000CA790 /* Sources */ = {
			isa = PBXSourcesBuildPhase;
			buildActionMask = 2147483647;
			files = (
				24B213BE16F214A000E20893 /* BHCollectionViewController.m in Sources */,
				9E78A7C316E34BA3000CA790 /* main.m in Sources */,
				9E78A7C716E34BA3000CA790 /* AppDelegate.m in Sources */,
				9E78A7FC16E35556000CA790 /* ChooseActionViewController.m in Sources */,
				9E78A7FE16E35556000CA790 /* ChooseLocationViewController.m in Sources */,
				9E78A80016E35556000CA790 /* SignInViewController.m in Sources */,
				9E78A80516E35573000CA790 /* SignUpViewController.m in Sources */,
				9E78A80F16E356A0000CA790 /* AddNewCarAdViewController.m in Sources */,
				9E78A81E16E357F4000CA790 /* BrowseCarAdsViewController.m in Sources */,
				9E78A82316E35838000CA790 /* CarAdDetailsViewController.m in Sources */,
				9E78A82816E35ABD000CA790 /* EditProfileViewController.m in Sources */,
				9E78A82D16E35D08000CA790 /* ChoosePaymentViewController.m in Sources */,
				9E78A83C16E35EF6000CA790 /* PublishViewController.m in Sources */,
				9E78A84616E363C8000CA790 /* CarAdManager.m in Sources */,
				9E78A84C16E363FC000CA790 /* CarAd.m in Sources */,
				9E78A84F16E36425000CA790 /* StoreManager.m in Sources */,
				9E78A85216E3643B000CA790 /* Store.m in Sources */,
				9E78A86816E49A52000CA790 /* BaseDataObject.m in Sources */,
				9E78A86916E49A52000CA790 /* BaseItemObject.m in Sources */,
				9E78A86A16E49A52000CA790 /* Configuration.m in Sources */,
				9E78A86C16E49A52000CA790 /* DropDownList.m in Sources */,
				9E78A86E16E49A52000CA790 /* TransparentOverlay+Private.m in Sources */,
				9E78A86F16E49A52000CA790 /* TransparentOverlay.m in Sources */,
				9E78A87316E4A1E0000CA790 /* GenericMethods.m in Sources */,
				9E9F090A16E553D4000E8471 /* ModelCell.m in Sources */,
				9E9F09E716E63669000E8471 /* MJDetailViewController.m in Sources */,
				9E9F09E916E63669000E8471 /* MJSecondDetailViewController.m in Sources */,
				9E9F09EB16E63669000E8471 /* MJPopupBackgroundView.m in Sources */,
				9E9F09EC16E63669000E8471 /* UIViewController+MJPopupViewController.m in Sources */,
				9E9F09ED16E63669000E8471 /* RFQuiltLayout.m in Sources */,
				9E9F09F016E636BA000E8471 /* ModelBrandCell.m in Sources */,
				9E9F09F516E63E22000E8471 /* CarAdCell.m in Sources */,
				9E9F0A1016E75E3B000E8471 /* CarModel.m in Sources */,
				9E9F0A1116E75E3B000E8471 /* ModelBrand.m in Sources */,
				9E9F0A1216E75E3B000E8471 /* ProfileManager.m in Sources */,
				9E9F0A1316E75E3B000E8471 /* UserProfile.m in Sources */,
				9E9F0A1A16E75EBB000E8471 /* CarModelLoader.m in Sources */,
				9E9F0A2916E78B31000E8471 /* Country.m in Sources */,
				9E9F0A2C16E78C5C000E8471 /* City.m in Sources */,
				9E9F0A3116E7927F000E8471 /* CountryLoader.m in Sources */,
				9E9F0A8816ECA939000E8471 /* TWAccountsViewController.m in Sources */,
				9E9F0A8A16ECA939000E8471 /* ViewController.m in Sources */,
				24B2139D16F2040200E20893 /* BHAlbum.m in Sources */,
				24B2139E16F2040200E20893 /* BHAlbumPhotoCell.m in Sources */,
				24B2139F16F2040200E20893 /* BHAlbumTitleReusableView.m in Sources */,
				24B213A016F2040200E20893 /* BHEmblemView.m in Sources */,
				24B213A116F2040200E20893 /* BHPhoto.m in Sources */,
				24B213A216F2040200E20893 /* BHPhotoAlbumLayout.m in Sources */,
				243084AD16F609750050CDFF /* FriendsListViewController.m in Sources */,
			);
			runOnlyForDeploymentPostprocessing = 0;
		};
/* End PBXSourcesBuildPhase section */

/* Begin PBXTargetDependency section */
		24B2137F16F1EB8900E20893 /* PBXTargetDependency */ = {
			isa = PBXTargetDependency;
			name = AURosetteViewLib;
			targetProxy = 24B2137E16F1EB8900E20893 /* PBXContainerItemProxy */;
		};
		9E4315B916EDFEEC0040359E /* PBXTargetDependency */ = {
			isa = PBXTargetDependency;
			name = AubadaLibrary;
			targetProxy = 9E4315B816EDFEEC0040359E /* PBXContainerItemProxy */;
		};
/* End PBXTargetDependency section */

/* Begin PBXVariantGroup section */
		9E78A7BF16E34BA3000CA790 /* InfoPlist.strings */ = {
			isa = PBXVariantGroup;
			children = (
				9E78A7C016E34BA3000CA790 /* en */,
			);
			name = InfoPlist.strings;
			sourceTree = "<group>";
		};
/* End PBXVariantGroup section */

/* Begin XCBuildConfiguration section */
		9E78A7D416E34BA3000CA790 /* Debug */ = {
			isa = XCBuildConfiguration;
			buildSettings = {
				ALWAYS_SEARCH_USER_PATHS = NO;
				CLANG_CXX_LANGUAGE_STANDARD = "gnu++0x";
				CLANG_CXX_LIBRARY = "libc++";
				CLANG_ENABLE_OBJC_ARC = YES;
				CLANG_WARN_CONSTANT_CONVERSION = YES;
				CLANG_WARN_EMPTY_BODY = YES;
				CLANG_WARN_ENUM_CONVERSION = YES;
				CLANG_WARN_INT_CONVERSION = YES;
				CLANG_WARN__DUPLICATE_METHOD_MATCH = YES;
				"CODE_SIGN_IDENTITY[sdk=iphoneos*]" = "iPhone Developer";
				COPY_PHASE_STRIP = NO;
				GCC_C_LANGUAGE_STANDARD = gnu99;
				GCC_DYNAMIC_NO_PIC = NO;
				GCC_OPTIMIZATION_LEVEL = 0;
				GCC_PREPROCESSOR_DEFINITIONS = (
					"DEBUG=1",
					"$(inherited)",
				);
				GCC_SYMBOLS_PRIVATE_EXTERN = NO;
				GCC_WARN_ABOUT_RETURN_TYPE = YES;
				GCC_WARN_UNINITIALIZED_AUTOS = YES;
				GCC_WARN_UNUSED_VARIABLE = YES;
				IPHONEOS_DEPLOYMENT_TARGET = 6.0;
				ONLY_ACTIVE_ARCH = YES;
				SDKROOT = iphoneos;
			};
			name = Debug;
		};
		9E78A7D516E34BA3000CA790 /* Release */ = {
			isa = XCBuildConfiguration;
			buildSettings = {
				ALWAYS_SEARCH_USER_PATHS = NO;
				CLANG_CXX_LANGUAGE_STANDARD = "gnu++0x";
				CLANG_CXX_LIBRARY = "libc++";
				CLANG_ENABLE_OBJC_ARC = YES;
				CLANG_WARN_CONSTANT_CONVERSION = YES;
				CLANG_WARN_EMPTY_BODY = YES;
				CLANG_WARN_ENUM_CONVERSION = YES;
				CLANG_WARN_INT_CONVERSION = YES;
				CLANG_WARN__DUPLICATE_METHOD_MATCH = YES;
				"CODE_SIGN_IDENTITY[sdk=iphoneos*]" = "iPhone Developer";
				COPY_PHASE_STRIP = YES;
				GCC_C_LANGUAGE_STANDARD = gnu99;
				GCC_WARN_ABOUT_RETURN_TYPE = YES;
				GCC_WARN_UNINITIALIZED_AUTOS = YES;
				GCC_WARN_UNUSED_VARIABLE = YES;
				IPHONEOS_DEPLOYMENT_TARGET = 6.0;
				OTHER_CFLAGS = "-DNS_BLOCK_ASSERTIONS=1";
				SDKROOT = iphoneos;
				VALIDATE_PRODUCT = YES;
			};
			name = Release;
		};
		9E78A7D716E34BA3000CA790 /* Debug */ = {
			isa = XCBuildConfiguration;
			buildSettings = {
				FRAMEWORK_SEARCH_PATHS = (
					"$(inherited)",
					"\"$(SRCROOT)\"",
				);
				GCC_PRECOMPILE_PREFIX_HEADER = YES;
				GCC_PREFIX_HEADER = "Bezaat/Bezaat-Prefix.pch";
				INFOPLIST_FILE = "Bezaat/Bezaat-Info.plist";
				IPHONEOS_DEPLOYMENT_TARGET = 6.0;
				OTHER_LDFLAGS = (
					"-ObjC",
					"-lsqlite3.0",
				);
				PRODUCT_NAME = "$(TARGET_NAME)";
				WRAPPER_EXTENSION = app;
			};
			name = Debug;
		};
		9E78A7D816E34BA3000CA790 /* Release */ = {
			isa = XCBuildConfiguration;
			buildSettings = {
				FRAMEWORK_SEARCH_PATHS = (
					"$(inherited)",
					"\"$(SRCROOT)\"",
				);
				GCC_PRECOMPILE_PREFIX_HEADER = YES;
				GCC_PREFIX_HEADER = "Bezaat/Bezaat-Prefix.pch";
				INFOPLIST_FILE = "Bezaat/Bezaat-Info.plist";
				IPHONEOS_DEPLOYMENT_TARGET = 6.0;
				OTHER_LDFLAGS = (
					"-ObjC",
					"-lsqlite3.0",
				);
				PRODUCT_NAME = "$(TARGET_NAME)";
				WRAPPER_EXTENSION = app;
			};
			name = Release;
		};
/* End XCBuildConfiguration section */

/* Begin XCConfigurationList section */
		9E78A7AE16E34BA2000CA790 /* Build configuration list for PBXProject "Bezaat" */ = {
			isa = XCConfigurationList;
			buildConfigurations = (
				9E78A7D416E34BA3000CA790 /* Debug */,
				9E78A7D516E34BA3000CA790 /* Release */,
			);
			defaultConfigurationIsVisible = 0;
			defaultConfigurationName = Release;
		};
		9E78A7D616E34BA3000CA790 /* Build configuration list for PBXNativeTarget "Bezaat" */ = {
			isa = XCConfigurationList;
			buildConfigurations = (
				9E78A7D716E34BA3000CA790 /* Debug */,
				9E78A7D816E34BA3000CA790 /* Release */,
			);
			defaultConfigurationIsVisible = 0;
			defaultConfigurationName = Release;
		};
/* End XCConfigurationList section */
	};
	rootObject = 9E78A7AB16E34BA2000CA790 /* Project object */;
}
